PODS:
  - Alamofire (5.7.1)
  - Kingfisher (7.8.1)
  - Moya (15.0.0):
    - Moya/Core (= 15.0.0)
  - Moya/Core (15.0.0):
    - Alamofire (~> 5.0)
  - R.swift (7.3.2)
  - SwiftLint (0.52.3)
  - SwiftUIPager (2.5.0)

DEPENDENCIES:
  - Kingfisher
  - Moya
  - R.swift
  - SwiftLint
  - SwiftUIPager

SPEC REPOS:
  trunk:
    - Alamofire
    - Kingfisher
    - Moya
    - R.swift
    - SwiftLint
    - SwiftUIPager

SPEC CHECKSUMS:
  Alamofire: 0123a34370cb170936ae79a8df46cc62b2edeb88
  Kingfisher: 63f677311d36a3473f6b978584f8a3845d023dc5
  Moya: 138f0573e53411fb3dc17016add0b748dfbd78ee
  R.swift: 0af0d882f49f03711415cb4e5215daa977d8a480
  SwiftLint: 76ec9c62ad369cff2937474cb34c9af3fa270b7b
  SwiftUIPager: b314d8923bef0bde743c904bb74fcc7a05fd3422

PODFILE CHECKSUM: f468ebe9def9eabe13f2091744b5930577ce3d1e

COCOAPODS: 1.12.1
