// !$*UTF8*$!
{
	archiveVersion = 1;
	classes = {
	};
	objectVersion = 55;
	objects = {

/* Begin PBXBuildFile section */
		4A0396832A0FA5B600EB062D /* LoveBirdApp.swift in Sources */ = {isa = PBXBuildFile; fileRef = 4A0396822A0FA5B600EB062D /* LoveBirdApp.swift */; };
		4A0396872A0FA5B800EB062D /* Assets.xcassets in Resources */ = {isa = PBXBuildFile; fileRef = 4A0396862A0FA5B800EB062D /* Assets.xcassets */; };
		4A03968A2A0FA5B800EB062D /* Preview Assets.xcassets in Resources */ = {isa = PBXBuildFile; fileRef = 4A0396892A0FA5B800EB062D /* Preview Assets.xcassets */; };
		4A03969B2A0FA61A00EB062D /* OnboardingCore.swift in Sources */ = {isa = PBXBuildFile; fileRef = 4A0396922A0FA61A00EB062D /* OnboardingCore.swift */; };
		4A03969C2A0FA61A00EB062D /* OnboardingView.swift in Sources */ = {isa = PBXBuildFile; fileRef = 4A0396932A0FA61A00EB062D /* OnboardingView.swift */; };
		4A03969E2A0FA61A00EB062D /* RootCore.swift in Sources */ = {isa = PBXBuildFile; fileRef = 4A0396962A0FA61A00EB062D /* RootCore.swift */; };
		4A03969F2A0FA61A00EB062D /* RootView.swift in Sources */ = {isa = PBXBuildFile; fileRef = 4A0396972A0FA61A00EB062D /* RootView.swift */; };
		4A0396A02A0FA61A00EB062D /* HomeView.swift in Sources */ = {isa = PBXBuildFile; fileRef = 4A0396992A0FA61A00EB062D /* HomeView.swift */; };
		4A0396A12A0FA61A00EB062D /* HomeCore.swift in Sources */ = {isa = PBXBuildFile; fileRef = 4A03969A2A0FA61A00EB062D /* HomeCore.swift */; };
		4A0396A42A0FA68100EB062D /* ComposableArchitecture in Frameworks */ = {isa = PBXBuildFile; productRef = 4A0396A32A0FA68100EB062D /* ComposableArchitecture */; };
		4AB2DB2A2A18FBE3003EFD95 /* Pretendard-Regular.otf in Resources */ = {isa = PBXBuildFile; fileRef = 4AB2DB272A18FBE3003EFD95 /* Pretendard-Regular.otf */; };
		4AB2DB2C2A18FBE3003EFD95 /* Pretendard-Bold.otf in Resources */ = {isa = PBXBuildFile; fileRef = 4AB2DB292A18FBE3003EFD95 /* Pretendard-Bold.otf */; };
		4AB2DB2E2A19A24D003EFD95 /* View+Extension.swift in Sources */ = {isa = PBXBuildFile; fileRef = 4AB2DB2D2A19A24D003EFD95 /* View+Extension.swift */; };
		4AB2DB312A19A282003EFD95 /* TextFieldClearButton.swift in Sources */ = {isa = PBXBuildFile; fileRef = 4AB2DB302A19A282003EFD95 /* TextFieldClearButton.swift */; };
		4AB2DB342A19A2C1003EFD95 /* TextFieldState.swift in Sources */ = {isa = PBXBuildFile; fileRef = 4AB2DB332A19A2C1003EFD95 /* TextFieldState.swift */; };
		4AB2DB362A19AE4F003EFD95 /* KeyboardResponder.swift in Sources */ = {isa = PBXBuildFile; fileRef = 4AB2DB352A19AE4F003EFD95 /* KeyboardResponder.swift */; };
		4AB2DB3A2A19B3F4003EFD95 /* OnboardingBirthView.swift in Sources */ = {isa = PBXBuildFile; fileRef = 4AB2DB392A19B3F4003EFD95 /* OnboardingBirthView.swift */; };
		4AB2DB3C2A19B9F4003EFD95 /* BottomSheetView.swift in Sources */ = {isa = PBXBuildFile; fileRef = 4AB2DB3B2A19B9F4003EFD95 /* BottomSheetView.swift */; };
		4AB2DB3E2A1A2EA4003EFD95 /* ContentView.swift in Sources */ = {isa = PBXBuildFile; fileRef = 4AB2DB3D2A1A2EA4003EFD95 /* ContentView.swift */; };
		4AB2DB402A1A2EF3003EFD95 /* CustomPickerView.swift in Sources */ = {isa = PBXBuildFile; fileRef = 4AB2DB3F2A1A2EF3003EFD95 /* CustomPickerView.swift */; };
		4AB2DB442A1A3290003EFD95 /* Pretendard-SemiBold.otf in Resources */ = {isa = PBXBuildFile; fileRef = 4AB2DB432A1A3290003EFD95 /* Pretendard-SemiBold.otf */; };
		4AB2DB462A1A3366003EFD95 /* UIApplication+Extension.swift in Sources */ = {isa = PBXBuildFile; fileRef = 4AB2DB452A1A3366003EFD95 /* UIApplication+Extension.swift */; };
		4ACCB9722A18DE7E009F1E22 /* R.generated.swift in Sources */ = {isa = PBXBuildFile; fileRef = 4ACCB9712A18DE7E009F1E22 /* R.generated.swift */; };
		4ACCB9782A18F0A6009F1E22 /* UIScreen+Extension.swift in Sources */ = {isa = PBXBuildFile; fileRef = 4ACCB9772A18F0A6009F1E22 /* UIScreen+Extension.swift */; };
		4ACCB97E2A18F3C8009F1E22 /* OnboardingNicknameView.swift in Sources */ = {isa = PBXBuildFile; fileRef = 4ACCB97D2A18F3C8009F1E22 /* OnboardingNicknameView.swift */; };
		4ACCB98A2A18F7ED009F1E22 /* Font+Extension.swift in Sources */ = {isa = PBXBuildFile; fileRef = 4ACCB9892A18F7ED009F1E22 /* Font+Extension.swift */; };
		A0E83505901348E67E5231F5 /* Pods_LoveBird.framework in Frameworks */ = {isa = PBXBuildFile; fileRef = 212E893A725E4BE7E73B96EB /* Pods_LoveBird.framework */; };
/* End PBXBuildFile section */

/* Begin PBXFileReference section */
		1F72EB125740F5145C2ECE5E /* Pods-LoveBird.debug.xcconfig */ = {isa = PBXFileReference; includeInIndex = 1; lastKnownFileType = text.xcconfig; name = "Pods-LoveBird.debug.xcconfig"; path = "Target Support Files/Pods-LoveBird/Pods-LoveBird.debug.xcconfig"; sourceTree = "<group>"; };
		212E893A725E4BE7E73B96EB /* Pods_LoveBird.framework */ = {isa = PBXFileReference; explicitFileType = wrapper.framework; includeInIndex = 0; path = Pods_LoveBird.framework; sourceTree = BUILT_PRODUCTS_DIR; };
		30556E224283EEA95E9817D2 /* Pods-LoveBird.release.xcconfig */ = {isa = PBXFileReference; includeInIndex = 1; lastKnownFileType = text.xcconfig; name = "Pods-LoveBird.release.xcconfig"; path = "Target Support Files/Pods-LoveBird/Pods-LoveBird.release.xcconfig"; sourceTree = "<group>"; };
		4A03967F2A0FA5B600EB062D /* LoveBird.app */ = {isa = PBXFileReference; explicitFileType = wrapper.application; includeInIndex = 0; path = LoveBird.app; sourceTree = BUILT_PRODUCTS_DIR; };
		4A0396822A0FA5B600EB062D /* LoveBirdApp.swift */ = {isa = PBXFileReference; lastKnownFileType = sourcecode.swift; path = LoveBirdApp.swift; sourceTree = "<group>"; };
		4A0396862A0FA5B800EB062D /* Assets.xcassets */ = {isa = PBXFileReference; lastKnownFileType = folder.assetcatalog; path = Assets.xcassets; sourceTree = "<group>"; };
		4A0396892A0FA5B800EB062D /* Preview Assets.xcassets */ = {isa = PBXFileReference; lastKnownFileType = folder.assetcatalog; path = "Preview Assets.xcassets"; sourceTree = "<group>"; };
		4A0396922A0FA61A00EB062D /* OnboardingCore.swift */ = {isa = PBXFileReference; fileEncoding = 4; lastKnownFileType = sourcecode.swift; path = OnboardingCore.swift; sourceTree = "<group>"; };
		4A0396932A0FA61A00EB062D /* OnboardingView.swift */ = {isa = PBXFileReference; fileEncoding = 4; lastKnownFileType = sourcecode.swift; path = OnboardingView.swift; sourceTree = "<group>"; };
		4A0396962A0FA61A00EB062D /* RootCore.swift */ = {isa = PBXFileReference; fileEncoding = 4; lastKnownFileType = sourcecode.swift; path = RootCore.swift; sourceTree = "<group>"; };
		4A0396972A0FA61A00EB062D /* RootView.swift */ = {isa = PBXFileReference; fileEncoding = 4; lastKnownFileType = sourcecode.swift; path = RootView.swift; sourceTree = "<group>"; };
		4A0396992A0FA61A00EB062D /* HomeView.swift */ = {isa = PBXFileReference; fileEncoding = 4; lastKnownFileType = sourcecode.swift; path = HomeView.swift; sourceTree = "<group>"; };
		4A03969A2A0FA61A00EB062D /* HomeCore.swift */ = {isa = PBXFileReference; fileEncoding = 4; lastKnownFileType = sourcecode.swift; path = HomeCore.swift; sourceTree = "<group>"; };
		4AB2DB272A18FBE3003EFD95 /* Pretendard-Regular.otf */ = {isa = PBXFileReference; lastKnownFileType = file; path = "Pretendard-Regular.otf"; sourceTree = "<group>"; };
		4AB2DB292A18FBE3003EFD95 /* Pretendard-Bold.otf */ = {isa = PBXFileReference; lastKnownFileType = file; path = "Pretendard-Bold.otf"; sourceTree = "<group>"; };
		4AB2DB2D2A19A24D003EFD95 /* View+Extension.swift */ = {isa = PBXFileReference; lastKnownFileType = sourcecode.swift; path = "View+Extension.swift"; sourceTree = "<group>"; };
		4AB2DB302A19A282003EFD95 /* TextFieldClearButton.swift */ = {isa = PBXFileReference; lastKnownFileType = sourcecode.swift; path = TextFieldClearButton.swift; sourceTree = "<group>"; };
		4AB2DB332A19A2C1003EFD95 /* TextFieldState.swift */ = {isa = PBXFileReference; lastKnownFileType = sourcecode.swift; path = TextFieldState.swift; sourceTree = "<group>"; };
		4AB2DB352A19AE4F003EFD95 /* KeyboardResponder.swift */ = {isa = PBXFileReference; lastKnownFileType = sourcecode.swift; path = KeyboardResponder.swift; sourceTree = "<group>"; };
		4AB2DB392A19B3F4003EFD95 /* OnboardingBirthView.swift */ = {isa = PBXFileReference; lastKnownFileType = sourcecode.swift; path = OnboardingBirthView.swift; sourceTree = "<group>"; };
		4AB2DB3B2A19B9F4003EFD95 /* BottomSheetView.swift */ = {isa = PBXFileReference; lastKnownFileType = sourcecode.swift; path = BottomSheetView.swift; sourceTree = "<group>"; };
		4AB2DB3D2A1A2EA4003EFD95 /* ContentView.swift */ = {isa = PBXFileReference; lastKnownFileType = sourcecode.swift; path = ContentView.swift; sourceTree = "<group>"; };
		4AB2DB3F2A1A2EF3003EFD95 /* CustomPickerView.swift */ = {isa = PBXFileReference; lastKnownFileType = sourcecode.swift; path = CustomPickerView.swift; sourceTree = "<group>"; };
		4AB2DB432A1A3290003EFD95 /* Pretendard-SemiBold.otf */ = {isa = PBXFileReference; lastKnownFileType = file; path = "Pretendard-SemiBold.otf"; sourceTree = "<group>"; };
		4AB2DB452A1A3366003EFD95 /* UIApplication+Extension.swift */ = {isa = PBXFileReference; lastKnownFileType = sourcecode.swift; path = "UIApplication+Extension.swift"; sourceTree = "<group>"; };
		4ACCB9712A18DE7E009F1E22 /* R.generated.swift */ = {isa = PBXFileReference; fileEncoding = 4; lastKnownFileType = sourcecode.swift; path = R.generated.swift; sourceTree = SOURCE_ROOT; };
		4ACCB9772A18F0A6009F1E22 /* UIScreen+Extension.swift */ = {isa = PBXFileReference; lastKnownFileType = sourcecode.swift; path = "UIScreen+Extension.swift"; sourceTree = "<group>"; };
		4ACCB97D2A18F3C8009F1E22 /* OnboardingNicknameView.swift */ = {isa = PBXFileReference; lastKnownFileType = sourcecode.swift; path = OnboardingNicknameView.swift; sourceTree = "<group>"; };
		4ACCB9892A18F7ED009F1E22 /* Font+Extension.swift */ = {isa = PBXFileReference; lastKnownFileType = sourcecode.swift; path = "Font+Extension.swift"; sourceTree = "<group>"; };
		4ACCB98B2A18F935009F1E22 /* Info.plist */ = {isa = PBXFileReference; lastKnownFileType = text.plist; path = Info.plist; sourceTree = "<group>"; };
/* End PBXFileReference section */

/* Begin PBXFrameworksBuildPhase section */
		4A03967C2A0FA5B600EB062D /* Frameworks */ = {
			isa = PBXFrameworksBuildPhase;
			buildActionMask = 2147483647;
			files = (
				4A0396A42A0FA68100EB062D /* ComposableArchitecture in Frameworks */,
				A0E83505901348E67E5231F5 /* Pods_LoveBird.framework in Frameworks */,
			);
			runOnlyForDeploymentPostprocessing = 0;
		};
/* End PBXFrameworksBuildPhase section */

/* Begin PBXGroup section */
		4A0396762A0FA5B600EB062D = {
			isa = PBXGroup;
			children = (
				4A0396812A0FA5B600EB062D /* LoveBird */,
				4A0396802A0FA5B600EB062D /* Products */,
				D7CA53FAC36EEFD98CB4B011 /* Pods */,
				BF6E410E5BBC3F57980C8846 /* Frameworks */,
			);
			sourceTree = "<group>";
		};
		4A0396802A0FA5B600EB062D /* Products */ = {
			isa = PBXGroup;
			children = (
				4A03967F2A0FA5B600EB062D /* LoveBird.app */,
			);
			name = Products;
			sourceTree = "<group>";
		};
		4A0396812A0FA5B600EB062D /* LoveBird */ = {
			isa = PBXGroup;
			children = (
				4ACCB98B2A18F935009F1E22 /* Info.plist */,
				4A3F1FB02A18D15B009856F1 /* Resources */,
				4A0396902A0FA5E900EB062D /* Sources */,
				4A0396882A0FA5B800EB062D /* Preview Content */,
			);
			path = LoveBird;
			sourceTree = "<group>";
		};
		4A0396882A0FA5B800EB062D /* Preview Content */ = {
			isa = PBXGroup;
			children = (
				4A0396892A0FA5B800EB062D /* Preview Assets.xcassets */,
			);
			path = "Preview Content";
			sourceTree = "<group>";
		};
		4A0396902A0FA5E900EB062D /* Sources */ = {
			isa = PBXGroup;
			children = (
				4AB2DB2F2A19A26B003EFD95 /* Util */,
				4ACCB9762A18F094009F1E22 /* Extension */,
				4ACCB9732A18F004009F1E22 /* Components */,
				4A0396942A0FA61A00EB062D /* Root */,
			);
			path = Sources;
			sourceTree = "<group>";
		};
		4A0396912A0FA61A00EB062D /* Onboarding */ = {
			isa = PBXGroup;
			children = (
				4ACCB97D2A18F3C8009F1E22 /* OnboardingNicknameView.swift */,
				4AB2DB3D2A1A2EA4003EFD95 /* ContentView.swift */,
				4AB2DB332A19A2C1003EFD95 /* TextFieldState.swift */,
				4A0396922A0FA61A00EB062D /* OnboardingCore.swift */,
				4A0396932A0FA61A00EB062D /* OnboardingView.swift */,
				4AB2DB392A19B3F4003EFD95 /* OnboardingBirthView.swift */,
			);
			path = Onboarding;
			sourceTree = "<group>";
		};
		4A0396942A0FA61A00EB062D /* Root */ = {
			isa = PBXGroup;
			children = (
				4A0396982A0FA61A00EB062D /* Home */,
				4A0396912A0FA61A00EB062D /* Onboarding */,
				4A0396822A0FA5B600EB062D /* LoveBirdApp.swift */,
				4A0396962A0FA61A00EB062D /* RootCore.swift */,
				4A0396972A0FA61A00EB062D /* RootView.swift */,
			);
			path = Root;
			sourceTree = "<group>";
		};
		4A0396982A0FA61A00EB062D /* Home */ = {
			isa = PBXGroup;
			children = (
				4A0396992A0FA61A00EB062D /* HomeView.swift */,
				4A03969A2A0FA61A00EB062D /* HomeCore.swift */,
			);
			path = Home;
			sourceTree = "<group>";
		};
		4A3F1FB02A18D15B009856F1 /* Resources */ = {
			isa = PBXGroup;
			children = (
				4ACCB97F2A18F7BF009F1E22 /* Font */,
				4ACCB9712A18DE7E009F1E22 /* R.generated.swift */,
				4A0396862A0FA5B800EB062D /* Assets.xcassets */,
			);
			path = Resources;
			sourceTree = "<group>";
		};
		4AB2DB2F2A19A26B003EFD95 /* Util */ = {
			isa = PBXGroup;
			children = (
				4AB2DB302A19A282003EFD95 /* TextFieldClearButton.swift */,
				4AB2DB352A19AE4F003EFD95 /* KeyboardResponder.swift */,
			);
			path = Util;
			sourceTree = "<group>";
		};
		4ACCB9732A18F004009F1E22 /* Components */ = {
			isa = PBXGroup;
			children = (
				4AB2DB3B2A19B9F4003EFD95 /* BottomSheetView.swift */,
				4AB2DB3F2A1A2EF3003EFD95 /* CustomPickerView.swift */,
			);
			path = Components;
			sourceTree = "<group>";
		};
		4ACCB9762A18F094009F1E22 /* Extension */ = {
			isa = PBXGroup;
			children = (
				4ACCB9772A18F0A6009F1E22 /* UIScreen+Extension.swift */,
				4ACCB9892A18F7ED009F1E22 /* Font+Extension.swift */,
				4AB2DB2D2A19A24D003EFD95 /* View+Extension.swift */,
				4AB2DB452A1A3366003EFD95 /* UIApplication+Extension.swift */,
			);
			path = Extension;
			sourceTree = "<group>";
		};
		4ACCB97F2A18F7BF009F1E22 /* Font */ = {
			isa = PBXGroup;
			children = (
				4AB2DB432A1A3290003EFD95 /* Pretendard-SemiBold.otf */,
				4AB2DB292A18FBE3003EFD95 /* Pretendard-Bold.otf */,
				4AB2DB272A18FBE3003EFD95 /* Pretendard-Regular.otf */,
			);
			path = Font;
			sourceTree = "<group>";
		};
		BF6E410E5BBC3F57980C8846 /* Frameworks */ = {
			isa = PBXGroup;
			children = (
				212E893A725E4BE7E73B96EB /* Pods_LoveBird.framework */,
			);
			name = Frameworks;
			sourceTree = "<group>";
		};
		D7CA53FAC36EEFD98CB4B011 /* Pods */ = {
			isa = PBXGroup;
			children = (
				1F72EB125740F5145C2ECE5E /* Pods-LoveBird.debug.xcconfig */,
				30556E224283EEA95E9817D2 /* Pods-LoveBird.release.xcconfig */,
			);
			path = Pods;
			sourceTree = "<group>";
		};
/* End PBXGroup section */

/* Begin PBXNativeTarget section */
		4A03967E2A0FA5B600EB062D /* LoveBird */ = {
			isa = PBXNativeTarget;
			buildConfigurationList = 4A03968D2A0FA5B800EB062D /* Build configuration list for PBXNativeTarget "LoveBird" */;
			buildPhases = (
				B37984E55B7B6605DD10B3CB /* [CP] Check Pods Manifest.lock */,
				4A03967B2A0FA5B600EB062D /* Sources */,
				4A03967C2A0FA5B600EB062D /* Frameworks */,
				4A03967D2A0FA5B600EB062D /* Resources */,
				07DA7CF3B1C7E5319C54E3B6 /* [CP] Embed Pods Frameworks */,
				4A3F1FAF2A17ADB5009856F1 /* Run Script */,
			);
			buildRules = (
			);
			dependencies = (
			);
			name = LoveBird;
			packageProductDependencies = (
				4A0396A32A0FA68100EB062D /* ComposableArchitecture */,
			);
			productName = LoveBird;
			productReference = 4A03967F2A0FA5B600EB062D /* LoveBird.app */;
			productType = "com.apple.product-type.application";
		};
/* End PBXNativeTarget section */

/* Begin PBXProject section */
		4A0396772A0FA5B600EB062D /* Project object */ = {
			isa = PBXProject;
			attributes = {
				BuildIndependentTargetsInParallel = 1;
				LastSwiftUpdateCheck = 1430;
				LastUpgradeCheck = 1430;
				TargetAttributes = {
					4A03967E2A0FA5B600EB062D = {
						CreatedOnToolsVersion = 14.3;
					};
				};
			};
			buildConfigurationList = 4A03967A2A0FA5B600EB062D /* Build configuration list for PBXProject "LoveBird" */;
			compatibilityVersion = "Xcode 13.0";
			developmentRegion = en;
			hasScannedForEncodings = 0;
			knownRegions = (
				en,
				Base,
			);
			mainGroup = 4A0396762A0FA5B600EB062D;
			packageReferences = (
				4A0396A22A0FA68100EB062D /* XCRemoteSwiftPackageReference "swift-composable-architecture" */,
			);
			productRefGroup = 4A0396802A0FA5B600EB062D /* Products */;
			projectDirPath = "";
			projectRoot = "";
			targets = (
				4A03967E2A0FA5B600EB062D /* LoveBird */,
			);
		};
/* End PBXProject section */

/* Begin PBXResourcesBuildPhase section */
		4A03967D2A0FA5B600EB062D /* Resources */ = {
			isa = PBXResourcesBuildPhase;
			buildActionMask = 2147483647;
			files = (
				4A03968A2A0FA5B800EB062D /* Preview Assets.xcassets in Resources */,
				4AB2DB2C2A18FBE3003EFD95 /* Pretendard-Bold.otf in Resources */,
				4AB2DB2A2A18FBE3003EFD95 /* Pretendard-Regular.otf in Resources */,
				4AB2DB442A1A3290003EFD95 /* Pretendard-SemiBold.otf in Resources */,
				4A0396872A0FA5B800EB062D /* Assets.xcassets in Resources */,
			);
			runOnlyForDeploymentPostprocessing = 0;
		};
/* End PBXResourcesBuildPhase section */

/* Begin PBXShellScriptBuildPhase section */
		07DA7CF3B1C7E5319C54E3B6 /* [CP] Embed Pods Frameworks */ = {
			isa = PBXShellScriptBuildPhase;
			buildActionMask = 2147483647;
			files = (
			);
			inputFileListPaths = (
				"${PODS_ROOT}/Target Support Files/Pods-LoveBird/Pods-LoveBird-frameworks-${CONFIGURATION}-input-files.xcfilelist",
			);
			name = "[CP] Embed Pods Frameworks";
			outputFileListPaths = (
				"${PODS_ROOT}/Target Support Files/Pods-LoveBird/Pods-LoveBird-frameworks-${CONFIGURATION}-output-files.xcfilelist",
			);
			runOnlyForDeploymentPostprocessing = 0;
			shellPath = /bin/sh;
			shellScript = "\"${PODS_ROOT}/Target Support Files/Pods-LoveBird/Pods-LoveBird-frameworks.sh\"\n";
			showEnvVarsInLog = 0;
		};
		4A3F1FAF2A17ADB5009856F1 /* Run Script */ = {
			isa = PBXShellScriptBuildPhase;
			alwaysOutOfDate = 1;
			buildActionMask = 12;
			files = (
			);
			inputFileListPaths = (
			);
			inputPaths = (
				"$TEMP_DIR/rswift-lastrun",
			);
			name = "Run Script";
			outputFileListPaths = (
			);
			outputPaths = (
				"--output $SRCROOT/R.generated.swift",
			);
			runOnlyForDeploymentPostprocessing = 0;
			shellPath = /bin/sh;
			shellScript = "\"$PODS_ROOT/R.swift/rswift\" generate \"$SRCROOT/R.generated.swift\" \n";
		};
		B37984E55B7B6605DD10B3CB /* [CP] Check Pods Manifest.lock */ = {
			isa = PBXShellScriptBuildPhase;
			buildActionMask = 2147483647;
			files = (
			);
			inputFileListPaths = (
			);
			inputPaths = (
				"${PODS_PODFILE_DIR_PATH}/Podfile.lock",
				"${PODS_ROOT}/Manifest.lock",
			);
			name = "[CP] Check Pods Manifest.lock";
			outputFileListPaths = (
			);
			outputPaths = (
				"$(DERIVED_FILE_DIR)/Pods-LoveBird-checkManifestLockResult.txt",
			);
			runOnlyForDeploymentPostprocessing = 0;
			shellPath = /bin/sh;
			shellScript = "diff \"${PODS_PODFILE_DIR_PATH}/Podfile.lock\" \"${PODS_ROOT}/Manifest.lock\" > /dev/null\nif [ $? != 0 ] ; then\n    # print error to STDERR\n    echo \"error: The sandbox is not in sync with the Podfile.lock. Run 'pod install' or update your CocoaPods installation.\" >&2\n    exit 1\nfi\n# This output is used by Xcode 'outputs' to avoid re-running this script phase.\necho \"SUCCESS\" > \"${SCRIPT_OUTPUT_FILE_0}\"\n";
			showEnvVarsInLog = 0;
		};
/* End PBXShellScriptBuildPhase section */

/* Begin PBXSourcesBuildPhase section */
		4A03967B2A0FA5B600EB062D /* Sources */ = {
			isa = PBXSourcesBuildPhase;
			buildActionMask = 2147483647;
			files = (
				4A03969B2A0FA61A00EB062D /* OnboardingCore.swift in Sources */,
				4AB2DB342A19A2C1003EFD95 /* TextFieldState.swift in Sources */,
				4AB2DB402A1A2EF3003EFD95 /* CustomPickerView.swift in Sources */,
				4A03969C2A0FA61A00EB062D /* OnboardingView.swift in Sources */,
				4A0396A12A0FA61A00EB062D /* HomeCore.swift in Sources */,
				4ACCB9722A18DE7E009F1E22 /* R.generated.swift in Sources */,
				4A03969F2A0FA61A00EB062D /* RootView.swift in Sources */,
				4ACCB97E2A18F3C8009F1E22 /* OnboardingNicknameView.swift in Sources */,
				4ACCB9782A18F0A6009F1E22 /* UIScreen+Extension.swift in Sources */,
				4AB2DB362A19AE4F003EFD95 /* KeyboardResponder.swift in Sources */,
				4A0396A02A0FA61A00EB062D /* HomeView.swift in Sources */,
				4A0396832A0FA5B600EB062D /* LoveBirdApp.swift in Sources */,
				4AB2DB3C2A19B9F4003EFD95 /* BottomSheetView.swift in Sources */,
				4AB2DB3A2A19B3F4003EFD95 /* OnboardingBirthView.swift in Sources */,
				4AB2DB462A1A3366003EFD95 /* UIApplication+Extension.swift in Sources */,
				4AB2DB312A19A282003EFD95 /* TextFieldClearButton.swift in Sources */,
				4AB2DB3E2A1A2EA4003EFD95 /* ContentView.swift in Sources */,
				4A03969E2A0FA61A00EB062D /* RootCore.swift in Sources */,
				4AB2DB2E2A19A24D003EFD95 /* View+Extension.swift in Sources */,
				4ACCB98A2A18F7ED009F1E22 /* Font+Extension.swift in Sources */,
			);
			runOnlyForDeploymentPostprocessing = 0;
		};
/* End PBXSourcesBuildPhase section */

/* Begin XCBuildConfiguration section */
		4A03968B2A0FA5B800EB062D /* Debug */ = {
			isa = XCBuildConfiguration;
			buildSettings = {
				ALWAYS_SEARCH_USER_PATHS = NO;
				CLANG_ANALYZER_NONNULL = YES;
				CLANG_ANALYZER_NUMBER_OBJECT_CONVERSION = YES_AGGRESSIVE;
				CLANG_CXX_LANGUAGE_STANDARD = "gnu++20";
				CLANG_ENABLE_MODULES = YES;
				CLANG_ENABLE_OBJC_ARC = YES;
				CLANG_ENABLE_OBJC_WEAK = YES;
				CLANG_WARN_BLOCK_CAPTURE_AUTORELEASING = YES;
				CLANG_WARN_BOOL_CONVERSION = YES;
				CLANG_WARN_COMMA = YES;
				CLANG_WARN_CONSTANT_CONVERSION = YES;
				CLANG_WARN_DEPRECATED_OBJC_IMPLEMENTATIONS = YES;
				CLANG_WARN_DIRECT_OBJC_ISA_USAGE = YES_ERROR;
				CLANG_WARN_DOCUMENTATION_COMMENTS = YES;
				CLANG_WARN_EMPTY_BODY = YES;
				CLANG_WARN_ENUM_CONVERSION = YES;
				CLANG_WARN_INFINITE_RECURSION = YES;
				CLANG_WARN_INT_CONVERSION = YES;
				CLANG_WARN_NON_LITERAL_NULL_CONVERSION = YES;
				CLANG_WARN_OBJC_IMPLICIT_RETAIN_SELF = YES;
				CLANG_WARN_OBJC_LITERAL_CONVERSION = YES;
				CLANG_WARN_OBJC_ROOT_CLASS = YES_ERROR;
				CLANG_WARN_QUOTED_INCLUDE_IN_FRAMEWORK_HEADER = YES;
				CLANG_WARN_RANGE_LOOP_ANALYSIS = YES;
				CLANG_WARN_STRICT_PROTOTYPES = YES;
				CLANG_WARN_SUSPICIOUS_MOVE = YES;
				CLANG_WARN_UNGUARDED_AVAILABILITY = YES_AGGRESSIVE;
				CLANG_WARN_UNREACHABLE_CODE = YES;
				CLANG_WARN__DUPLICATE_METHOD_MATCH = YES;
				COPY_PHASE_STRIP = NO;
				DEBUG_INFORMATION_FORMAT = dwarf;
				ENABLE_STRICT_OBJC_MSGSEND = YES;
				ENABLE_TESTABILITY = YES;
				GCC_C_LANGUAGE_STANDARD = gnu11;
				GCC_DYNAMIC_NO_PIC = NO;
				GCC_NO_COMMON_BLOCKS = YES;
				GCC_OPTIMIZATION_LEVEL = 0;
				GCC_PREPROCESSOR_DEFINITIONS = (
					"DEBUG=1",
					"$(inherited)",
				);
				GCC_WARN_64_TO_32_BIT_CONVERSION = YES;
				GCC_WARN_ABOUT_RETURN_TYPE = YES_ERROR;
				GCC_WARN_UNDECLARED_SELECTOR = YES;
				GCC_WARN_UNINITIALIZED_AUTOS = YES_AGGRESSIVE;
				GCC_WARN_UNUSED_FUNCTION = YES;
				GCC_WARN_UNUSED_VARIABLE = YES;
				IPHONEOS_DEPLOYMENT_TARGET = 15.0;
				MTL_ENABLE_DEBUG_INFO = INCLUDE_SOURCE;
				MTL_FAST_MATH = YES;
				ONLY_ACTIVE_ARCH = YES;
				SDKROOT = iphoneos;
				SWIFT_ACTIVE_COMPILATION_CONDITIONS = DEBUG;
				SWIFT_OPTIMIZATION_LEVEL = "-Onone";
			};
			name = Debug;
		};
		4A03968C2A0FA5B800EB062D /* Release */ = {
			isa = XCBuildConfiguration;
			buildSettings = {
				ALWAYS_SEARCH_USER_PATHS = NO;
				CLANG_ANALYZER_NONNULL = YES;
				CLANG_ANALYZER_NUMBER_OBJECT_CONVERSION = YES_AGGRESSIVE;
				CLANG_CXX_LANGUAGE_STANDARD = "gnu++20";
				CLANG_ENABLE_MODULES = YES;
				CLANG_ENABLE_OBJC_ARC = YES;
				CLANG_ENABLE_OBJC_WEAK = YES;
				CLANG_WARN_BLOCK_CAPTURE_AUTORELEASING = YES;
				CLANG_WARN_BOOL_CONVERSION = YES;
				CLANG_WARN_COMMA = YES;
				CLANG_WARN_CONSTANT_CONVERSION = YES;
				CLANG_WARN_DEPRECATED_OBJC_IMPLEMENTATIONS = YES;
				CLANG_WARN_DIRECT_OBJC_ISA_USAGE = YES_ERROR;
				CLANG_WARN_DOCUMENTATION_COMMENTS = YES;
				CLANG_WARN_EMPTY_BODY = YES;
				CLANG_WARN_ENUM_CONVERSION = YES;
				CLANG_WARN_INFINITE_RECURSION = YES;
				CLANG_WARN_INT_CONVERSION = YES;
				CLANG_WARN_NON_LITERAL_NULL_CONVERSION = YES;
				CLANG_WARN_OBJC_IMPLICIT_RETAIN_SELF = YES;
				CLANG_WARN_OBJC_LITERAL_CONVERSION = YES;
				CLANG_WARN_OBJC_ROOT_CLASS = YES_ERROR;
				CLANG_WARN_QUOTED_INCLUDE_IN_FRAMEWORK_HEADER = YES;
				CLANG_WARN_RANGE_LOOP_ANALYSIS = YES;
				CLANG_WARN_STRICT_PROTOTYPES = YES;
				CLANG_WARN_SUSPICIOUS_MOVE = YES;
				CLANG_WARN_UNGUARDED_AVAILABILITY = YES_AGGRESSIVE;
				CLANG_WARN_UNREACHABLE_CODE = YES;
				CLANG_WARN__DUPLICATE_METHOD_MATCH = YES;
				COPY_PHASE_STRIP = NO;
				DEBUG_INFORMATION_FORMAT = "dwarf-with-dsym";
				ENABLE_NS_ASSERTIONS = NO;
				ENABLE_STRICT_OBJC_MSGSEND = YES;
				GCC_C_LANGUAGE_STANDARD = gnu11;
				GCC_NO_COMMON_BLOCKS = YES;
				GCC_WARN_64_TO_32_BIT_CONVERSION = YES;
				GCC_WARN_ABOUT_RETURN_TYPE = YES_ERROR;
				GCC_WARN_UNDECLARED_SELECTOR = YES;
				GCC_WARN_UNINITIALIZED_AUTOS = YES_AGGRESSIVE;
				GCC_WARN_UNUSED_FUNCTION = YES;
				GCC_WARN_UNUSED_VARIABLE = YES;
				IPHONEOS_DEPLOYMENT_TARGET = 15.0;
				MTL_ENABLE_DEBUG_INFO = NO;
				MTL_FAST_MATH = YES;
				SDKROOT = iphoneos;
				SWIFT_COMPILATION_MODE = wholemodule;
				SWIFT_OPTIMIZATION_LEVEL = "-O";
				VALIDATE_PRODUCT = YES;
			};
			name = Release;
		};
		4A03968E2A0FA5B800EB062D /* Debug */ = {
			isa = XCBuildConfiguration;
			baseConfigurationReference = 1F72EB125740F5145C2ECE5E /* Pods-LoveBird.debug.xcconfig */;
			buildSettings = {
				ASSETCATALOG_COMPILER_APPICON_NAME = AppIcon;
				ASSETCATALOG_COMPILER_GLOBAL_ACCENT_COLOR_NAME = AccentColor;
				CODE_SIGN_STYLE = Automatic;
				CURRENT_PROJECT_VERSION = 1;
				DEVELOPMENT_ASSET_PATHS = "\"LoveBird/Preview Content\"";
				DEVELOPMENT_TEAM = 79K7D639YK;
				ENABLE_PREVIEWS = YES;
				GENERATE_INFOPLIST_FILE = YES;
				INFOPLIST_FILE = LoveBird/Info.plist;
				INFOPLIST_KEY_UIApplicationSceneManifest_Generation = YES;
				INFOPLIST_KEY_UIApplicationSupportsIndirectInputEvents = YES;
				INFOPLIST_KEY_UILaunchScreen_Generation = YES;
				INFOPLIST_KEY_UISupportedInterfaceOrientations_iPad = "UIInterfaceOrientationPortrait UIInterfaceOrientationPortraitUpsideDown UIInterfaceOrientationLandscapeLeft UIInterfaceOrientationLandscapeRight";
				INFOPLIST_KEY_UISupportedInterfaceOrientations_iPhone = "UIInterfaceOrientationPortrait UIInterfaceOrientationLandscapeLeft UIInterfaceOrientationLandscapeRight";
				LD_RUNPATH_SEARCH_PATHS = (
					"$(inherited)",
					"@executable_path/Frameworks",
				);
				MARKETING_VERSION = 1.0;
				PRODUCT_BUNDLE_IDENTIFIER = com.prography.LoveBird;
				PRODUCT_NAME = "$(TARGET_NAME)";
				SWIFT_EMIT_LOC_STRINGS = YES;
				SWIFT_VERSION = 5.0;
				TARGETED_DEVICE_FAMILY = "1,2";
			};
			name = Debug;
		};
		4A03968F2A0FA5B800EB062D /* Release */ = {
			isa = XCBuildConfiguration;
			baseConfigurationReference = 30556E224283EEA95E9817D2 /* Pods-LoveBird.release.xcconfig */;
			buildSettings = {
				ASSETCATALOG_COMPILER_APPICON_NAME = AppIcon;
				ASSETCATALOG_COMPILER_GLOBAL_ACCENT_COLOR_NAME = AccentColor;
				CODE_SIGN_STYLE = Automatic;
				CURRENT_PROJECT_VERSION = 1;
				DEVELOPMENT_ASSET_PATHS = "\"LoveBird/Preview Content\"";
				DEVELOPMENT_TEAM = 79K7D639YK;
				ENABLE_PREVIEWS = YES;
				GENERATE_INFOPLIST_FILE = YES;
				INFOPLIST_FILE = LoveBird/Info.plist;
				INFOPLIST_KEY_UIApplicationSceneManifest_Generation = YES;
				INFOPLIST_KEY_UIApplicationSupportsIndirectInputEvents = YES;
				INFOPLIST_KEY_UILaunchScreen_Generation = YES;
				INFOPLIST_KEY_UISupportedInterfaceOrientations_iPad = "UIInterfaceOrientationPortrait UIInterfaceOrientationPortraitUpsideDown UIInterfaceOrientationLandscapeLeft UIInterfaceOrientationLandscapeRight";
				INFOPLIST_KEY_UISupportedInterfaceOrientations_iPhone = "UIInterfaceOrientationPortrait UIInterfaceOrientationLandscapeLeft UIInterfaceOrientationLandscapeRight";
				LD_RUNPATH_SEARCH_PATHS = (
					"$(inherited)",
					"@executable_path/Frameworks",
				);
				MARKETING_VERSION = 1.0;
				PRODUCT_BUNDLE_IDENTIFIER = com.prography.LoveBird;
				PRODUCT_NAME = "$(TARGET_NAME)";
				SWIFT_EMIT_LOC_STRINGS = YES;
				SWIFT_VERSION = 5.0;
				TARGETED_DEVICE_FAMILY = "1,2";
			};
			name = Release;
		};
/* End XCBuildConfiguration section */

/* Begin XCConfigurationList section */
		4A03967A2A0FA5B600EB062D /* Build configuration list for PBXProject "LoveBird" */ = {
			isa = XCConfigurationList;
			buildConfigurations = (
				4A03968B2A0FA5B800EB062D /* Debug */,
				4A03968C2A0FA5B800EB062D /* Release */,
			);
			defaultConfigurationIsVisible = 0;
			defaultConfigurationName = Release;
		};
		4A03968D2A0FA5B800EB062D /* Build configuration list for PBXNativeTarget "LoveBird" */ = {
			isa = XCConfigurationList;
			buildConfigurations = (
				4A03968E2A0FA5B800EB062D /* Debug */,
				4A03968F2A0FA5B800EB062D /* Release */,
			);
			defaultConfigurationIsVisible = 0;
			defaultConfigurationName = Release;
		};
/* End XCConfigurationList section */

/* Begin XCRemoteSwiftPackageReference section */
		4A0396A22A0FA68100EB062D /* XCRemoteSwiftPackageReference "swift-composable-architecture" */ = {
			isa = XCRemoteSwiftPackageReference;
			repositoryURL = "https://github.com/pointfreeco/swift-composable-architecture";
			requirement = {
				kind = upToNextMajorVersion;
				minimumVersion = 0.53.0;
			};
		};
/* End XCRemoteSwiftPackageReference section */

/* Begin XCSwiftPackageProductDependency section */
		4A0396A32A0FA68100EB062D /* ComposableArchitecture */ = {
			isa = XCSwiftPackageProductDependency;
			package = 4A0396A22A0FA68100EB062D /* XCRemoteSwiftPackageReference "swift-composable-architecture" */;
			productName = ComposableArchitecture;
		};
/* End XCSwiftPackageProductDependency section */
	};
	rootObject = 4A0396772A0FA5B600EB062D /* Project object */;
}
