// !$*UTF8*$!
{
	archiveVersion = 1;
	classes = {
	};
	objectVersion = 55;
	objects = {

/* Begin PBXBuildFile section */
		42470D2A2A8FA8E0003E327E /* Config.swift in Sources */ = {isa = PBXBuildFile; fileRef = 42470D292A8FA8E0003E327E /* Config.swift */; };
		42470D2C2A908F67003E327E /* ImageAccessAuth.swift in Sources */ = {isa = PBXBuildFile; fileRef = 42470D2B2A908F67003E327E /* ImageAccessAuth.swift */; };
		425640302A58463200EC962E /* KakaoSDK in Frameworks */ = {isa = PBXBuildFile; productRef = 4256402F2A58463200EC962E /* KakaoSDK */; };
		425640322A5AA78C00EC962E /* KakaoLoginRequest.swift in Sources */ = {isa = PBXBuildFile; fileRef = 425640312A5AA78B00EC962E /* KakaoLoginRequest.swift */; };
		425640342A5AB30900EC962E /* LoginResponse.swift in Sources */ = {isa = PBXBuildFile; fileRef = 425640332A5AB30900EC962E /* LoginResponse.swift */; };
		4256403E2A6454E100EC962E /* AppleLoginRequest.swift in Sources */ = {isa = PBXBuildFile; fileRef = 4256403D2A6454E100EC962E /* AppleLoginRequest.swift */; };
		425F25B32A543B7200A333A5 /* FirebaseAnalytics in Frameworks */ = {isa = PBXBuildFile; productRef = 425F25B22A543B7200A333A5 /* FirebaseAnalytics */; };
		425F25B52A543B7200A333A5 /* FirebaseMessaging in Frameworks */ = {isa = PBXBuildFile; productRef = 425F25B42A543B7200A333A5 /* FirebaseMessaging */; };
		4260B0592A8CA257002A61B6 /* CoupleLinkView.swift in Sources */ = {isa = PBXBuildFile; fileRef = 4260B0582A8CA257002A61B6 /* CoupleLinkView.swift */; };
		4260B05B2A8CA260002A61B6 /* CoupleLinkCore.swift in Sources */ = {isa = PBXBuildFile; fileRef = 4260B05A2A8CA260002A61B6 /* CoupleLinkCore.swift */; };
		4260B05D2A8CE1AE002A61B6 /* TryDiaryResponse.swift in Sources */ = {isa = PBXBuildFile; fileRef = 4260B05C2A8CE1AE002A61B6 /* TryDiaryResponse.swift */; };
		4263E1BC2A2F3372008B402B /* DiarySelectPlaceButton.swift in Sources */ = {isa = PBXBuildFile; fileRef = 4263E1BB2A2F3372008B402B /* DiarySelectPlaceButton.swift */; };
		4263E1BE2A2F33DB008B402B /* ResignKeyboardOnDragGesture.swift in Sources */ = {isa = PBXBuildFile; fileRef = 4263E1BD2A2F33DB008B402B /* ResignKeyboardOnDragGesture.swift */; };
		4263E1C02A2F3419008B402B /* ImagePicker.swift in Sources */ = {isa = PBXBuildFile; fileRef = 4263E1BF2A2F3419008B402B /* ImagePicker.swift */; };
		4263E1C82A2F3522008B402B /* SearchPlaceCore.swift in Sources */ = {isa = PBXBuildFile; fileRef = 4263E1C72A2F3522008B402B /* SearchPlaceCore.swift */; };
		4263E1CD2A2F3563008B402B /* SearchPlaceView.swift in Sources */ = {isa = PBXBuildFile; fileRef = 4263E1CC2A2F3563008B402B /* SearchPlaceView.swift */; };
		427573F02A4F06DD00A8FD33 /* OnboardingEmailView.swift in Sources */ = {isa = PBXBuildFile; fileRef = 427573EF2A4F06DD00A8FD33 /* OnboardingEmailView.swift */; };
		427573F22A519A3200A8FD33 /* OnboardingProfileView.swift in Sources */ = {isa = PBXBuildFile; fileRef = 427573F12A519A3200A8FD33 /* OnboardingProfileView.swift */; };
		427573F62A52883500A8FD33 /* OnboardingBirthDateView.swift in Sources */ = {isa = PBXBuildFile; fileRef = 427573F52A52883500A8FD33 /* OnboardingBirthDateView.swift */; };
		427573F82A53287000A8FD33 /* OnboardingGenderView.swift in Sources */ = {isa = PBXBuildFile; fileRef = 427573F72A53287000A8FD33 /* OnboardingGenderView.swift */; };
		427573FA2A53377E00A8FD33 /* OnboardingInvitationView.swift in Sources */ = {isa = PBXBuildFile; fileRef = 427573F92A53377E00A8FD33 /* OnboardingInvitationView.swift */; };
		42784F812A88B76500F39139 /* BirthDatePickerView.swift in Sources */ = {isa = PBXBuildFile; fileRef = 42784F802A88B76500F39139 /* BirthDatePickerView.swift */; };
		42784F832A89FA8800F39139 /* InvitationCodeResponse.swift in Sources */ = {isa = PBXBuildFile; fileRef = 42784F822A89FA8800F39139 /* InvitationCodeResponse.swift */; };
		42784F872A8A1A0F00F39139 /* TryLinkResponse.swift in Sources */ = {isa = PBXBuildFile; fileRef = 42784F862A8A1A0F00F39139 /* TryLinkResponse.swift */; };
		42784F892A8A4FD100F39139 /* KakaoMapAPIClient.swift in Sources */ = {isa = PBXBuildFile; fileRef = 42784F882A8A4FD100F39139 /* KakaoMapAPIClient.swift */; };
		42784F8B2A8A8E2600F39139 /* RegisterDiaryRequest.swift in Sources */ = {isa = PBXBuildFile; fileRef = 42784F8A2A8A8E2600F39139 /* RegisterDiaryRequest.swift */; };
		428AED2F2A86BE4400F446B2 /* DiaryDetailView.swift in Sources */ = {isa = PBXBuildFile; fileRef = 428AED2E2A86BE4400F446B2 /* DiaryDetailView.swift */; };
		428AED322A87610100F446B2 /* ComposableArchitecture in Frameworks */ = {isa = PBXBuildFile; productRef = 428AED312A87610100F446B2 /* ComposableArchitecture */; };
		42E064112A45B5A000B9EAC3 /* PlaceRequest.swift in Sources */ = {isa = PBXBuildFile; fileRef = 42E064102A45B5A000B9EAC3 /* PlaceRequest.swift */; };
		42E064122A45BF3800B9EAC3 /* Localizable.strings in Resources */ = {isa = PBXBuildFile; fileRef = 42E064142A45BF3800B9EAC3 /* Localizable.strings */; };
		42E064162A45C11600B9EAC3 /* SearchPlaceResponse.swift in Sources */ = {isa = PBXBuildFile; fileRef = 42E064152A45C11600B9EAC3 /* SearchPlaceResponse.swift */; };
		42E4D5842A4C701A00F4FA42 /* DiarySelectCalenderButton.swift in Sources */ = {isa = PBXBuildFile; fileRef = 42E4D5832A4C701A00F4FA42 /* DiarySelectCalenderButton.swift */; };
		42E4D5892A4DBB2E00F4FA42 /* LoginView.swift in Sources */ = {isa = PBXBuildFile; fileRef = 42E4D5882A4DBB2E00F4FA42 /* LoginView.swift */; };
		42E4D58B2A4DBB3500F4FA42 /* LoginCore.swift in Sources */ = {isa = PBXBuildFile; fileRef = 42E4D58A2A4DBB3500F4FA42 /* LoginCore.swift */; };
		42E4D58D2A4DD3D600F4FA42 /* SplashView.swift in Sources */ = {isa = PBXBuildFile; fileRef = 42E4D58C2A4DD3D600F4FA42 /* SplashView.swift */; };
		42E4D59A2A4DECE800F4FA42 /* GmarketSansMedium.otf in Resources */ = {isa = PBXBuildFile; fileRef = 42E4D5972A4DECE700F4FA42 /* GmarketSansMedium.otf */; };
		42E4D59B2A4DECE800F4FA42 /* GmarketSansBold.otf in Resources */ = {isa = PBXBuildFile; fileRef = 42E4D5982A4DECE800F4FA42 /* GmarketSansBold.otf */; };
		42E4D59C2A4DECE800F4FA42 /* GmarketSansLight.otf in Resources */ = {isa = PBXBuildFile; fileRef = 42E4D5992A4DECE800F4FA42 /* GmarketSansLight.otf */; };
		4A0396832A0FA5B600EB062D /* LoveBirdApp.swift in Sources */ = {isa = PBXBuildFile; fileRef = 4A0396822A0FA5B600EB062D /* LoveBirdApp.swift */; };
		4A0396872A0FA5B800EB062D /* Assets.xcassets in Resources */ = {isa = PBXBuildFile; fileRef = 4A0396862A0FA5B800EB062D /* Assets.xcassets */; };
		4A03968A2A0FA5B800EB062D /* Preview Assets.xcassets in Resources */ = {isa = PBXBuildFile; fileRef = 4A0396892A0FA5B800EB062D /* Preview Assets.xcassets */; };
		4A03969B2A0FA61A00EB062D /* OnboardingCore.swift in Sources */ = {isa = PBXBuildFile; fileRef = 4A0396922A0FA61A00EB062D /* OnboardingCore.swift */; };
		4A03969C2A0FA61A00EB062D /* OnboardingView.swift in Sources */ = {isa = PBXBuildFile; fileRef = 4A0396932A0FA61A00EB062D /* OnboardingView.swift */; };
		4A03969E2A0FA61A00EB062D /* RootCore.swift in Sources */ = {isa = PBXBuildFile; fileRef = 4A0396962A0FA61A00EB062D /* RootCore.swift */; };
		4A03969F2A0FA61A00EB062D /* RootView.swift in Sources */ = {isa = PBXBuildFile; fileRef = 4A0396972A0FA61A00EB062D /* RootView.swift */; };
		4A0396A02A0FA61A00EB062D /* HomeView.swift in Sources */ = {isa = PBXBuildFile; fileRef = 4A0396992A0FA61A00EB062D /* HomeView.swift */; };
		4A0396A12A0FA61A00EB062D /* HomeCore.swift in Sources */ = {isa = PBXBuildFile; fileRef = 4A03969A2A0FA61A00EB062D /* HomeCore.swift */; };
		4A0FEA092A474531005E88E3 /* Date+DataFormatter.swift in Sources */ = {isa = PBXBuildFile; fileRef = 4A0FEA082A474531005E88E3 /* Date+DataFormatter.swift */; };
		4A0FEA0B2A47D640005E88E3 /* DateFormatter+Extension.swift in Sources */ = {isa = PBXBuildFile; fileRef = 4A0FEA0A2A47D640005E88E3 /* DateFormatter+Extension.swift */; };
		4A0FEA0D2A4B01D4005E88E3 /* DateManager.swift in Sources */ = {isa = PBXBuildFile; fileRef = 4A0FEA0C2A4B01D4005E88E3 /* DateManager.swift */; };
		4A0FEA0F2A4B0DDA005E88E3 /* CalendarDate.swift in Sources */ = {isa = PBXBuildFile; fileRef = 4A0FEA0E2A4B0DDA005E88E3 /* CalendarDate.swift */; };
		4A1B9BCD2A8B5717009832EF /* GoogleService-Info.plist in Resources */ = {isa = PBXBuildFile; fileRef = 4A1B9BCC2A8B5717009832EF /* GoogleService-Info.plist */; };
		4A1DDF1E2A2C338100B3A72B /* TouchableStack.swift in Sources */ = {isa = PBXBuildFile; fileRef = 4A1DDF1D2A2C338100B3A72B /* TouchableStack.swift */; };
		4A1DDF222A2C7CC700B3A72B /* RegisterProfileRequest.swift in Sources */ = {isa = PBXBuildFile; fileRef = 4A1DDF212A2C7CC700B3A72B /* RegisterProfileRequest.swift */; };
		4A1DDF242A2C7CCD00B3A72B /* SignUpResponse.swift in Sources */ = {isa = PBXBuildFile; fileRef = 4A1DDF232A2C7CCD00B3A72B /* SignUpResponse.swift */; };
		4A1DDF2A2A2F2DDA00B3A72B /* UserData.swift in Sources */ = {isa = PBXBuildFile; fileRef = 4A1DDF292A2F2DDA00B3A72B /* UserData.swift */; };
		4A1DDF2C2A2F38E800B3A72B /* FetchDiaryRequest.swift in Sources */ = {isa = PBXBuildFile; fileRef = 4A1DDF2B2A2F38E800B3A72B /* FetchDiaryRequest.swift */; };
		4A1DDF2E2A2F3D3600B3A72B /* NetworkResponse.swift in Sources */ = {isa = PBXBuildFile; fileRef = 4A1DDF2D2A2F3D3600B3A72B /* NetworkResponse.swift */; };
		4A327D412A545509002EEB55 /* AddScheduleRequest.swift in Sources */ = {isa = PBXBuildFile; fileRef = 4A327D402A545509002EEB55 /* AddScheduleRequest.swift */; };
		4A327D432A5459EF002EEB55 /* AddScheduleResponse.swift in Sources */ = {isa = PBXBuildFile; fileRef = 4A327D422A5459EF002EEB55 /* AddScheduleResponse.swift */; };
		4A327D462A545BD0002EEB55 /* ScheduleDetailCore.swift in Sources */ = {isa = PBXBuildFile; fileRef = 4A327D452A545BD0002EEB55 /* ScheduleDetailCore.swift */; };
		4A327D482A545BDB002EEB55 /* ScheduleDetailView.swift in Sources */ = {isa = PBXBuildFile; fileRef = 4A327D472A545BDB002EEB55 /* ScheduleDetailView.swift */; };
		4A327D4A2A55AC48002EEB55 /* SwiftUI+Helper.swift in Sources */ = {isa = PBXBuildFile; fileRef = 4A327D492A55AC48002EEB55 /* SwiftUI+Helper.swift */; };
		4A327DB52A592039002EEB55 /* ScheduleDetail.swift in Sources */ = {isa = PBXBuildFile; fileRef = 4A327DB42A592039002EEB55 /* ScheduleDetail.swift */; };
		4A327DB72A5A7C54002EEB55 /* Image+Extension.swift in Sources */ = {isa = PBXBuildFile; fileRef = 4A327DB62A5A7C54002EEB55 /* Image+Extension.swift */; };
		4A41C90F2A8F707C00E666C5 /* DiaryFocusedType.swift in Sources */ = {isa = PBXBuildFile; fileRef = 4A41C90E2A8F707C00E666C5 /* DiaryFocusedType.swift */; };
		4A41C9112A8F8EEE00E666C5 /* DiaryPreviewTabView.swift in Sources */ = {isa = PBXBuildFile; fileRef = 4A41C9102A8F8EEE00E666C5 /* DiaryPreviewTabView.swift */; };
		4A41C9132A8F8FAF00E666C5 /* DiaryPreviewContentView.swift in Sources */ = {isa = PBXBuildFile; fileRef = 4A41C9122A8F8FAF00E666C5 /* DiaryPreviewContentView.swift */; };
		4A4894542A3EE0CC00BC4102 /* ResponseError.swift in Sources */ = {isa = PBXBuildFile; fileRef = 4A4894532A3EE0CC00BC4102 /* ResponseError.swift */; };
		4A748C652A88C30900E51ACF /* BorderTextField.swift in Sources */ = {isa = PBXBuildFile; fileRef = 4A748C642A88C30900E51ACF /* BorderTextField.swift */; };
		4A8269FE2A6387B20060CE7F /* CalendarPreviewTabView.swift in Sources */ = {isa = PBXBuildFile; fileRef = 4A8269FD2A6387B20060CE7F /* CalendarPreviewTabView.swift */; };
		4A826A002A6387C50060CE7F /* CalendarPreviewContentView.swift in Sources */ = {isa = PBXBuildFile; fileRef = 4A8269FF2A6387C50060CE7F /* CalendarPreviewContentView.swift */; };
		4A89961B2A7E1CE100FA5C81 /* Profile.swift in Sources */ = {isa = PBXBuildFile; fileRef = 4A89961A2A7E1CE100FA5C81 /* Profile.swift */; };
		4AB2DB2A2A18FBE3003EFD95 /* Pretendard-Regular.otf in Resources */ = {isa = PBXBuildFile; fileRef = 4AB2DB272A18FBE3003EFD95 /* Pretendard-Regular.otf */; };
		4AB2DB2C2A18FBE3003EFD95 /* Pretendard-Bold.otf in Resources */ = {isa = PBXBuildFile; fileRef = 4AB2DB292A18FBE3003EFD95 /* Pretendard-Bold.otf */; };
		4AB2DB2E2A19A24D003EFD95 /* View+Extension.swift in Sources */ = {isa = PBXBuildFile; fileRef = 4AB2DB2D2A19A24D003EFD95 /* View+Extension.swift */; };
		4AB2DB312A19A282003EFD95 /* TextFieldClearButton.swift in Sources */ = {isa = PBXBuildFile; fileRef = 4AB2DB302A19A282003EFD95 /* TextFieldClearButton.swift */; };
		4AB2DB342A19A2C1003EFD95 /* TextFieldState.swift in Sources */ = {isa = PBXBuildFile; fileRef = 4AB2DB332A19A2C1003EFD95 /* TextFieldState.swift */; };
		4AB2DB362A19AE4F003EFD95 /* KeyboardResponder.swift in Sources */ = {isa = PBXBuildFile; fileRef = 4AB2DB352A19AE4F003EFD95 /* KeyboardResponder.swift */; };
		4AB2DB3A2A19B3F4003EFD95 /* OnboardingDateView.swift in Sources */ = {isa = PBXBuildFile; fileRef = 4AB2DB392A19B3F4003EFD95 /* OnboardingDateView.swift */; };
		4AB2DB3C2A19B9F4003EFD95 /* BottomSheetView.swift in Sources */ = {isa = PBXBuildFile; fileRef = 4AB2DB3B2A19B9F4003EFD95 /* BottomSheetView.swift */; };
		4AB2DB3E2A1A2EA4003EFD95 /* ContentView.swift in Sources */ = {isa = PBXBuildFile; fileRef = 4AB2DB3D2A1A2EA4003EFD95 /* ContentView.swift */; };
		4AB2DB402A1A2EF3003EFD95 /* DatePickerView.swift in Sources */ = {isa = PBXBuildFile; fileRef = 4AB2DB3F2A1A2EF3003EFD95 /* DatePickerView.swift */; };
		4AB2DB442A1A3290003EFD95 /* Pretendard-SemiBold.otf in Resources */ = {isa = PBXBuildFile; fileRef = 4AB2DB432A1A3290003EFD95 /* Pretendard-SemiBold.otf */; };
		4AB2DB462A1A3366003EFD95 /* UIApplication+Extension.swift in Sources */ = {isa = PBXBuildFile; fileRef = 4AB2DB452A1A3366003EFD95 /* UIApplication+Extension.swift */; };
		4AB2DB492A1E6601003EFD95 /* MainTabView.swift in Sources */ = {isa = PBXBuildFile; fileRef = 4AB2DB482A1E6601003EFD95 /* MainTabView.swift */; };
		4AB2DB4D2A1F8651003EFD95 /* HomeItem.swift in Sources */ = {isa = PBXBuildFile; fileRef = 4AB2DB4C2A1F8651003EFD95 /* HomeItem.swift */; };
		4AB2DB512A1FAAA5003EFD95 /* Line.swift in Sources */ = {isa = PBXBuildFile; fileRef = 4AB2DB502A1FAAA5003EFD95 /* Line.swift */; };
		4AC71AB52A885F1B00618409 /* MyPageProfileEditView.swift in Sources */ = {isa = PBXBuildFile; fileRef = 4AC71AB42A885F1B00618409 /* MyPageProfileEditView.swift */; };
		4AC71AB72A885F2000618409 /* MyPageProfileEditCore.swift in Sources */ = {isa = PBXBuildFile; fileRef = 4AC71AB62A885F2000618409 /* MyPageProfileEditCore.swift */; };
		4AC985AF2A5B0ACE0003D7AE /* Schedules.swift in Sources */ = {isa = PBXBuildFile; fileRef = 4AC985AE2A5B0ACE0003D7AE /* Schedules.swift */; };
		4AC985B12A5B0B1D0003D7AE /* Schedule.swift in Sources */ = {isa = PBXBuildFile; fileRef = 4AC985B02A5B0B1D0003D7AE /* Schedule.swift */; };
		4AC985B32A5B0F810003D7AE /* Date+Properties.swift in Sources */ = {isa = PBXBuildFile; fileRef = 4AC985B22A5B0F810003D7AE /* Date+Properties.swift */; };
		4ACCB9722A18DE7E009F1E22 /* R.generated.swift in Sources */ = {isa = PBXBuildFile; fileRef = 4ACCB9712A18DE7E009F1E22 /* R.generated.swift */; };
		4ACCB9782A18F0A6009F1E22 /* UIScreen+Extension.swift in Sources */ = {isa = PBXBuildFile; fileRef = 4ACCB9772A18F0A6009F1E22 /* UIScreen+Extension.swift */; };
		4ACCB97E2A18F3C8009F1E22 /* OnboardingNicknameView.swift in Sources */ = {isa = PBXBuildFile; fileRef = 4ACCB97D2A18F3C8009F1E22 /* OnboardingNicknameView.swift */; };
		4ACCB98A2A18F7ED009F1E22 /* Font+Extension.swift in Sources */ = {isa = PBXBuildFile; fileRef = 4ACCB9892A18F7ED009F1E22 /* Font+Extension.swift */; };
		4AD6028D2A4EB4970029D7EB /* CalendarTabView.swift in Sources */ = {isa = PBXBuildFile; fileRef = 4AD6028C2A4EB4970029D7EB /* CalendarTabView.swift */; };
		4AD6028F2A4EB7190029D7EB /* CalendarContentView.swift in Sources */ = {isa = PBXBuildFile; fileRef = 4AD6028E2A4EB7190029D7EB /* CalendarContentView.swift */; };
		4AD602912A4EB8200029D7EB /* CalendarWeekdayView.swift in Sources */ = {isa = PBXBuildFile; fileRef = 4AD602902A4EB8200029D7EB /* CalendarWeekdayView.swift */; };
		4AD602932A4EB8D00029D7EB /* CalendarDateView.swift in Sources */ = {isa = PBXBuildFile; fileRef = 4AD602922A4EB8D00029D7EB /* CalendarDateView.swift */; };
		4AD602952A4EB9F40029D7EB /* CalendarScheduleView.swift in Sources */ = {isa = PBXBuildFile; fileRef = 4AD602942A4EB9F40029D7EB /* CalendarScheduleView.swift */; };
		4AD602982A4EC7710029D7EB /* ScheduleAddView.swift in Sources */ = {isa = PBXBuildFile; fileRef = 4AD602972A4EC7710029D7EB /* ScheduleAddView.swift */; };
		4AD6029A2A4EC77A0029D7EB /* ScheduleAddCore.swift in Sources */ = {isa = PBXBuildFile; fileRef = 4AD602992A4EC77A0029D7EB /* ScheduleAddCore.swift */; };
		4AD6029F2A4F00930029D7EB /* CommonToolBar.swift in Sources */ = {isa = PBXBuildFile; fileRef = 4AD6029E2A4F00930029D7EB /* CommonToolBar.swift */; };
		4AD602A12A4F0EBD0029D7EB /* ScheduleAddContentView.swift in Sources */ = {isa = PBXBuildFile; fileRef = 4AD602A02A4F0EBD0029D7EB /* ScheduleAddContentView.swift */; };
		4AD602A32A4F0F840029D7EB /* ScheduleAddMemoView.swift in Sources */ = {isa = PBXBuildFile; fileRef = 4AD602A22A4F0F840029D7EB /* ScheduleAddMemoView.swift */; };
		4AD602A52A4F10510029D7EB /* CommonTextField.swift in Sources */ = {isa = PBXBuildFile; fileRef = 4AD602A42A4F10510029D7EB /* CommonTextField.swift */; };
		4AD602A72A4F19A80029D7EB /* ScheduleColor.swift in Sources */ = {isa = PBXBuildFile; fileRef = 4AD602A62A4F19A80029D7EB /* ScheduleColor.swift */; };
		4AD602A92A4F1F610029D7EB /* CommonFocusedView.swift in Sources */ = {isa = PBXBuildFile; fileRef = 4AD602A82A4F1F610029D7EB /* CommonFocusedView.swift */; };
		4AD602AB2A4F20C50029D7EB /* ScheduleAddFocusedType.swift in Sources */ = {isa = PBXBuildFile; fileRef = 4AD602AA2A4F20C50029D7EB /* ScheduleAddFocusedType.swift */; };
		4AD602AD2A4F9F7E0029D7EB /* ScheduleTime.swift in Sources */ = {isa = PBXBuildFile; fileRef = 4AD602AC2A4F9F7E0029D7EB /* ScheduleTime.swift */; };
		4AD602B02A4FBE9F0029D7EB /* ScheduleAddColorView.swift in Sources */ = {isa = PBXBuildFile; fileRef = 4AD602AF2A4FBE9F0029D7EB /* ScheduleAddColorView.swift */; };
		4AD602B22A4FBF3A0029D7EB /* ScheduleAddStartDateView.swift in Sources */ = {isa = PBXBuildFile; fileRef = 4AD602B12A4FBF3A0029D7EB /* ScheduleAddStartDateView.swift */; };
		4AD602B42A4FC2270029D7EB /* ScheduleAddEndDateView.swift in Sources */ = {isa = PBXBuildFile; fileRef = 4AD602B32A4FC2270029D7EB /* ScheduleAddEndDateView.swift */; };
		4AD602B62A5000C50029D7EB /* ScheduleAddTimeView.swift in Sources */ = {isa = PBXBuildFile; fileRef = 4AD602B52A5000C50029D7EB /* ScheduleAddTimeView.swift */; };
		4AD602BA2A5011110029D7EB /* ScheduleAddTitleView.swift in Sources */ = {isa = PBXBuildFile; fileRef = 4AD602B92A5011110029D7EB /* ScheduleAddTitleView.swift */; };
		4AD602BC2A5018220029D7EB /* StringResource+Extension.swift in Sources */ = {isa = PBXBuildFile; fileRef = 4AD602BB2A5018220029D7EB /* StringResource+Extension.swift */; };
		4AD602BE2A5020BF0029D7EB /* ScheduleAddAlarmView.swift in Sources */ = {isa = PBXBuildFile; fileRef = 4AD602BD2A5020BF0029D7EB /* ScheduleAddAlarmView.swift */; };
		4AD602C12A506BEE0029D7EB /* ScheduleAddColorBottomSheetView.swift in Sources */ = {isa = PBXBuildFile; fileRef = 4AD602C02A506BEE0029D7EB /* ScheduleAddColorBottomSheetView.swift */; };
		4AD602C42A506E250029D7EB /* ScheduleAddDateBottomSheetView.swift in Sources */ = {isa = PBXBuildFile; fileRef = 4AD602C32A506E250029D7EB /* ScheduleAddDateBottomSheetView.swift */; };
		4AD602C62A506E840029D7EB /* ScheduleAddDatePickerView.swift in Sources */ = {isa = PBXBuildFile; fileRef = 4AD602C52A506E840029D7EB /* ScheduleAddDatePickerView.swift */; };
		4AD602C82A508ED90029D7EB /* ScheduleAddTimeBottomSheetView.swift in Sources */ = {isa = PBXBuildFile; fileRef = 4AD602C72A508ED90029D7EB /* ScheduleAddTimeBottomSheetView.swift */; };
		4AD602CB2A508F560029D7EB /* ScheduleAddTimePickerView.swift in Sources */ = {isa = PBXBuildFile; fileRef = 4AD602CA2A508F560029D7EB /* ScheduleAddTimePickerView.swift */; };
		4AD602CD2A5167250029D7EB /* Int+Extension.swift in Sources */ = {isa = PBXBuildFile; fileRef = 4AD602CC2A5167250029D7EB /* Int+Extension.swift */; };
		4AD602CF2A5183070029D7EB /* GetHeightModifier.swift in Sources */ = {isa = PBXBuildFile; fileRef = 4AD602CE2A5183070029D7EB /* GetHeightModifier.swift */; };
		4AD602D32A51A98A0029D7EB /* CommonBottomSheetButtonView.swift in Sources */ = {isa = PBXBuildFile; fileRef = 4AD602D22A51A98A0029D7EB /* CommonBottomSheetButtonView.swift */; };
		4AD602D52A51AF7D0029D7EB /* ScheduleAddAlarmBottomSheetView.swift in Sources */ = {isa = PBXBuildFile; fileRef = 4AD602D42A51AF7D0029D7EB /* ScheduleAddAlarmBottomSheetView.swift */; };
		4AD602D72A51AFDE0029D7EB /* ScheduleAlarm.swift in Sources */ = {isa = PBXBuildFile; fileRef = 4AD602D62A51AFDE0029D7EB /* ScheduleAlarm.swift */; };
		4AD602D92A5316BE0029D7EB /* UINavigationController+Extension.swift in Sources */ = {isa = PBXBuildFile; fileRef = 4AD602D82A5316BE0029D7EB /* UINavigationController+Extension.swift */; };
		4AD853C82A88E45C0005EAD5 /* EditProfileRequest.swift in Sources */ = {isa = PBXBuildFile; fileRef = 4AD853C72A88E45C0005EAD5 /* EditProfileRequest.swift */; };
		4AD853CC2A88EE030005EAD5 /* WebView.swift in Sources */ = {isa = PBXBuildFile; fileRef = 4AD853CB2A88EE030005EAD5 /* WebView.swift */; };
		4AD853CE2A89AEB00005EAD5 /* CustomModalView.swift in Sources */ = {isa = PBXBuildFile; fileRef = 4AD853CD2A89AEB00005EAD5 /* CustomModalView.swift */; };
		4AD853D12A89B30D0005EAD5 /* ImagePickerCore.swift in Sources */ = {isa = PBXBuildFile; fileRef = 4AD853D02A89B30D0005EAD5 /* ImagePickerCore.swift */; };
		4AD853D32A89B5D40005EAD5 /* CustomImagePicker.swift in Sources */ = {isa = PBXBuildFile; fileRef = 4AD853D22A89B5D40005EAD5 /* CustomImagePicker.swift */; };
		4AD937E32A3F19240093BD8D /* Page+Extension.swift in Sources */ = {isa = PBXBuildFile; fileRef = 4AD937E22A3F19240093BD8D /* Page+Extension.swift */; };
		4ADC019D2A792F790095A5E5 /* Diaries.swift in Sources */ = {isa = PBXBuildFile; fileRef = 4ADC019C2A792F790095A5E5 /* Diaries.swift */; };
		4AE128342A8B9C670014CCE0 /* Bundle+Extension.swift in Sources */ = {isa = PBXBuildFile; fileRef = 4AE128332A8B9C670014CCE0 /* Bundle+Extension.swift */; };
		4AE5CB492A20FF1D0016C0B4 /* HomeLeftLineView.swift in Sources */ = {isa = PBXBuildFile; fileRef = 4AE5CB482A20FF1D0016C0B4 /* HomeLeftLineView.swift */; };
		4AE5CB4B2A2102800016C0B4 /* HomeContentView.swift in Sources */ = {isa = PBXBuildFile; fileRef = 4AE5CB4A2A2102800016C0B4 /* HomeContentView.swift */; };
		4AE5CB4E2A21B1180016C0B4 /* Diary.swift in Sources */ = {isa = PBXBuildFile; fileRef = 4AE5CB4D2A21B1180016C0B4 /* Diary.swift */; };
		4AE5CB502A21C0B10016C0B4 /* UIImage+Extension.swift in Sources */ = {isa = PBXBuildFile; fileRef = 4AE5CB4F2A21C0B10016C0B4 /* UIImage+Extension.swift */; };
		4AE5CB542A21CA880016C0B4 /* MainTabCore.swift in Sources */ = {isa = PBXBuildFile; fileRef = 4AE5CB532A21CA880016C0B4 /* MainTabCore.swift */; };
		4AE5CB582A232E3F0016C0B4 /* DiaryCore.swift in Sources */ = {isa = PBXBuildFile; fileRef = 4AE5CB572A232E3F0016C0B4 /* DiaryCore.swift */; };
		4AE5CB5A2A232E490016C0B4 /* DiaryView.swift in Sources */ = {isa = PBXBuildFile; fileRef = 4AE5CB592A232E490016C0B4 /* DiaryView.swift */; };
		4AE5CB5C2A232EFC0016C0B4 /* MyPageView.swift in Sources */ = {isa = PBXBuildFile; fileRef = 4AE5CB5B2A232EFC0016C0B4 /* MyPageView.swift */; };
		4AE5CB5E2A232F6C0016C0B4 /* MyPageCore.swift in Sources */ = {isa = PBXBuildFile; fileRef = 4AE5CB5D2A232F6C0016C0B4 /* MyPageCore.swift */; };
		4AE5CB612A232FCA0016C0B4 /* CalendarCore.swift in Sources */ = {isa = PBXBuildFile; fileRef = 4AE5CB602A232FCA0016C0B4 /* CalendarCore.swift */; };
		4AE5CB632A232FDB0016C0B4 /* CalendarView.swift in Sources */ = {isa = PBXBuildFile; fileRef = 4AE5CB622A232FDB0016C0B4 /* CalendarView.swift */; };
		4AE5CB672A2348190016C0B4 /* String+Extension.swift in Sources */ = {isa = PBXBuildFile; fileRef = 4AE5CB662A2348190016C0B4 /* String+Extension.swift */; };
		4AE5CB6B2A2469D00016C0B4 /* Calendar+Extension.swift in Sources */ = {isa = PBXBuildFile; fileRef = 4AE5CB6A2A2469D00016C0B4 /* Calendar+Extension.swift */; };
		4AE5CB702A261E520016C0B4 /* APIClient.swift in Sources */ = {isa = PBXBuildFile; fileRef = 4AE5CB6F2A261E520016C0B4 /* APIClient.swift */; };
		4AE7C2EC2A904FC2001CB089 /* HalfSheetHelper.swift in Sources */ = {isa = PBXBuildFile; fileRef = 4AE7C2EB2A904FC2001CB089 /* HalfSheetHelper.swift */; };
		4AE7C2EF2A90573F001CB089 /* DiaryDetailCore.swift in Sources */ = {isa = PBXBuildFile; fileRef = 4AE7C2EE2A90573F001CB089 /* DiaryDetailCore.swift */; };
		A0E83505901348E67E5231F5 /* Pods_LoveBird.framework in Frameworks */ = {isa = PBXBuildFile; fileRef = 212E893A725E4BE7E73B96EB /* Pods_LoveBird.framework */; };
/* End PBXBuildFile section */

/* Begin PBXFileReference section */
		1F72EB125740F5145C2ECE5E /* Pods-LoveBird.debug.xcconfig */ = {isa = PBXFileReference; includeInIndex = 1; lastKnownFileType = text.xcconfig; name = "Pods-LoveBird.debug.xcconfig"; path = "Target Support Files/Pods-LoveBird/Pods-LoveBird.debug.xcconfig"; sourceTree = "<group>"; };
		212E893A725E4BE7E73B96EB /* Pods_LoveBird.framework */ = {isa = PBXFileReference; explicitFileType = wrapper.framework; includeInIndex = 0; path = Pods_LoveBird.framework; sourceTree = BUILT_PRODUCTS_DIR; };
		30556E224283EEA95E9817D2 /* Pods-LoveBird.release.xcconfig */ = {isa = PBXFileReference; includeInIndex = 1; lastKnownFileType = text.xcconfig; name = "Pods-LoveBird.release.xcconfig"; path = "Target Support Files/Pods-LoveBird/Pods-LoveBird.release.xcconfig"; sourceTree = "<group>"; };
		42470D292A8FA8E0003E327E /* Config.swift */ = {isa = PBXFileReference; lastKnownFileType = sourcecode.swift; path = Config.swift; sourceTree = "<group>"; };
		42470D2B2A908F67003E327E /* ImageAccessAuth.swift */ = {isa = PBXFileReference; lastKnownFileType = sourcecode.swift; path = ImageAccessAuth.swift; sourceTree = "<group>"; };
		425640312A5AA78B00EC962E /* KakaoLoginRequest.swift */ = {isa = PBXFileReference; lastKnownFileType = sourcecode.swift; path = KakaoLoginRequest.swift; sourceTree = "<group>"; };
		425640332A5AB30900EC962E /* LoginResponse.swift */ = {isa = PBXFileReference; lastKnownFileType = sourcecode.swift; path = LoginResponse.swift; sourceTree = "<group>"; };
		4256403D2A6454E100EC962E /* AppleLoginRequest.swift */ = {isa = PBXFileReference; lastKnownFileType = sourcecode.swift; path = AppleLoginRequest.swift; sourceTree = "<group>"; };
		425F25B02A54380F00A333A5 /* LoveBird.entitlements */ = {isa = PBXFileReference; lastKnownFileType = text.plist.entitlements; path = LoveBird.entitlements; sourceTree = "<group>"; };
		4260B0582A8CA257002A61B6 /* CoupleLinkView.swift */ = {isa = PBXFileReference; lastKnownFileType = sourcecode.swift; path = CoupleLinkView.swift; sourceTree = "<group>"; };
		4260B05A2A8CA260002A61B6 /* CoupleLinkCore.swift */ = {isa = PBXFileReference; lastKnownFileType = sourcecode.swift; path = CoupleLinkCore.swift; sourceTree = "<group>"; };
		4260B05C2A8CE1AE002A61B6 /* TryDiaryResponse.swift */ = {isa = PBXFileReference; lastKnownFileType = sourcecode.swift; path = TryDiaryResponse.swift; sourceTree = "<group>"; };
		4263E1BB2A2F3372008B402B /* DiarySelectPlaceButton.swift */ = {isa = PBXFileReference; lastKnownFileType = sourcecode.swift; path = DiarySelectPlaceButton.swift; sourceTree = "<group>"; };
		4263E1BD2A2F33DB008B402B /* ResignKeyboardOnDragGesture.swift */ = {isa = PBXFileReference; lastKnownFileType = sourcecode.swift; path = ResignKeyboardOnDragGesture.swift; sourceTree = "<group>"; };
		4263E1BF2A2F3419008B402B /* ImagePicker.swift */ = {isa = PBXFileReference; lastKnownFileType = sourcecode.swift; path = ImagePicker.swift; sourceTree = "<group>"; };
		4263E1C32A2F34E8008B402B /* NetworkManager.swift */ = {isa = PBXFileReference; lastKnownFileType = sourcecode.swift; path = NetworkManager.swift; sourceTree = "<group>"; };
		4263E1C52A2F3500008B402B /* SearchPlaceAPI.swift */ = {isa = PBXFileReference; lastKnownFileType = sourcecode.swift; path = SearchPlaceAPI.swift; sourceTree = "<group>"; };
		4263E1C72A2F3522008B402B /* SearchPlaceCore.swift */ = {isa = PBXFileReference; lastKnownFileType = sourcecode.swift; path = SearchPlaceCore.swift; sourceTree = "<group>"; };
		4263E1CC2A2F3563008B402B /* SearchPlaceView.swift */ = {isa = PBXFileReference; lastKnownFileType = sourcecode.swift; path = SearchPlaceView.swift; sourceTree = "<group>"; };
		427573EF2A4F06DD00A8FD33 /* OnboardingEmailView.swift */ = {isa = PBXFileReference; lastKnownFileType = sourcecode.swift; path = OnboardingEmailView.swift; sourceTree = "<group>"; };
		427573F12A519A3200A8FD33 /* OnboardingProfileView.swift */ = {isa = PBXFileReference; lastKnownFileType = sourcecode.swift; path = OnboardingProfileView.swift; sourceTree = "<group>"; };
		427573F52A52883500A8FD33 /* OnboardingBirthDateView.swift */ = {isa = PBXFileReference; lastKnownFileType = sourcecode.swift; path = OnboardingBirthDateView.swift; sourceTree = "<group>"; };
		427573F72A53287000A8FD33 /* OnboardingGenderView.swift */ = {isa = PBXFileReference; lastKnownFileType = sourcecode.swift; path = OnboardingGenderView.swift; sourceTree = "<group>"; };
		427573F92A53377E00A8FD33 /* OnboardingInvitationView.swift */ = {isa = PBXFileReference; lastKnownFileType = sourcecode.swift; path = OnboardingInvitationView.swift; sourceTree = "<group>"; };
		42784F802A88B76500F39139 /* BirthDatePickerView.swift */ = {isa = PBXFileReference; lastKnownFileType = sourcecode.swift; path = BirthDatePickerView.swift; sourceTree = "<group>"; };
		42784F822A89FA8800F39139 /* InvitationCodeResponse.swift */ = {isa = PBXFileReference; lastKnownFileType = sourcecode.swift; path = InvitationCodeResponse.swift; sourceTree = "<group>"; };
		42784F862A8A1A0F00F39139 /* TryLinkResponse.swift */ = {isa = PBXFileReference; lastKnownFileType = sourcecode.swift; path = TryLinkResponse.swift; sourceTree = "<group>"; };
		42784F882A8A4FD100F39139 /* KakaoMapAPIClient.swift */ = {isa = PBXFileReference; lastKnownFileType = sourcecode.swift; path = KakaoMapAPIClient.swift; sourceTree = "<group>"; };
		42784F8A2A8A8E2600F39139 /* RegisterDiaryRequest.swift */ = {isa = PBXFileReference; lastKnownFileType = sourcecode.swift; path = RegisterDiaryRequest.swift; sourceTree = "<group>"; };
		428AED2E2A86BE4400F446B2 /* DiaryDetailView.swift */ = {isa = PBXFileReference; lastKnownFileType = sourcecode.swift; path = DiaryDetailView.swift; sourceTree = "<group>"; };
		42E064102A45B5A000B9EAC3 /* PlaceRequest.swift */ = {isa = PBXFileReference; lastKnownFileType = sourcecode.swift; path = PlaceRequest.swift; sourceTree = "<group>"; };
		42E064132A45BF3800B9EAC3 /* en */ = {isa = PBXFileReference; lastKnownFileType = text.plist.strings; name = en; path = en.lproj/Localizable.strings; sourceTree = "<group>"; };
		42E064152A45C11600B9EAC3 /* SearchPlaceResponse.swift */ = {isa = PBXFileReference; lastKnownFileType = sourcecode.swift; path = SearchPlaceResponse.swift; sourceTree = "<group>"; };
		42E4D5832A4C701A00F4FA42 /* DiarySelectCalenderButton.swift */ = {isa = PBXFileReference; lastKnownFileType = sourcecode.swift; path = DiarySelectCalenderButton.swift; sourceTree = "<group>"; };
		42E4D5882A4DBB2E00F4FA42 /* LoginView.swift */ = {isa = PBXFileReference; lastKnownFileType = sourcecode.swift; path = LoginView.swift; sourceTree = "<group>"; };
		42E4D58A2A4DBB3500F4FA42 /* LoginCore.swift */ = {isa = PBXFileReference; lastKnownFileType = sourcecode.swift; path = LoginCore.swift; sourceTree = "<group>"; };
		42E4D58C2A4DD3D600F4FA42 /* SplashView.swift */ = {isa = PBXFileReference; lastKnownFileType = sourcecode.swift; path = SplashView.swift; sourceTree = "<group>"; };
		42E4D5972A4DECE700F4FA42 /* GmarketSansMedium.otf */ = {isa = PBXFileReference; lastKnownFileType = file; path = GmarketSansMedium.otf; sourceTree = "<group>"; };
		42E4D5982A4DECE800F4FA42 /* GmarketSansBold.otf */ = {isa = PBXFileReference; lastKnownFileType = file; path = GmarketSansBold.otf; sourceTree = "<group>"; };
		42E4D5992A4DECE800F4FA42 /* GmarketSansLight.otf */ = {isa = PBXFileReference; lastKnownFileType = file; path = GmarketSansLight.otf; sourceTree = "<group>"; };
		4A03967F2A0FA5B600EB062D /* LoveBird.app */ = {isa = PBXFileReference; explicitFileType = wrapper.application; includeInIndex = 0; path = LoveBird.app; sourceTree = BUILT_PRODUCTS_DIR; };
		4A0396822A0FA5B600EB062D /* LoveBirdApp.swift */ = {isa = PBXFileReference; lastKnownFileType = sourcecode.swift; path = LoveBirdApp.swift; sourceTree = "<group>"; };
		4A0396862A0FA5B800EB062D /* Assets.xcassets */ = {isa = PBXFileReference; lastKnownFileType = folder.assetcatalog; path = Assets.xcassets; sourceTree = "<group>"; };
		4A0396892A0FA5B800EB062D /* Preview Assets.xcassets */ = {isa = PBXFileReference; lastKnownFileType = folder.assetcatalog; path = "Preview Assets.xcassets"; sourceTree = "<group>"; };
		4A0396922A0FA61A00EB062D /* OnboardingCore.swift */ = {isa = PBXFileReference; fileEncoding = 4; lastKnownFileType = sourcecode.swift; path = OnboardingCore.swift; sourceTree = "<group>"; };
		4A0396932A0FA61A00EB062D /* OnboardingView.swift */ = {isa = PBXFileReference; fileEncoding = 4; lastKnownFileType = sourcecode.swift; path = OnboardingView.swift; sourceTree = "<group>"; };
		4A0396962A0FA61A00EB062D /* RootCore.swift */ = {isa = PBXFileReference; fileEncoding = 4; lastKnownFileType = sourcecode.swift; path = RootCore.swift; sourceTree = "<group>"; };
		4A0396972A0FA61A00EB062D /* RootView.swift */ = {isa = PBXFileReference; fileEncoding = 4; lastKnownFileType = sourcecode.swift; path = RootView.swift; sourceTree = "<group>"; };
		4A0396992A0FA61A00EB062D /* HomeView.swift */ = {isa = PBXFileReference; fileEncoding = 4; lastKnownFileType = sourcecode.swift; path = HomeView.swift; sourceTree = "<group>"; };
		4A03969A2A0FA61A00EB062D /* HomeCore.swift */ = {isa = PBXFileReference; fileEncoding = 4; lastKnownFileType = sourcecode.swift; path = HomeCore.swift; sourceTree = "<group>"; };
		4A0FEA082A474531005E88E3 /* Date+DataFormatter.swift */ = {isa = PBXFileReference; lastKnownFileType = sourcecode.swift; path = "Date+DataFormatter.swift"; sourceTree = "<group>"; };
		4A0FEA0A2A47D640005E88E3 /* DateFormatter+Extension.swift */ = {isa = PBXFileReference; lastKnownFileType = sourcecode.swift; path = "DateFormatter+Extension.swift"; sourceTree = "<group>"; };
		4A0FEA0C2A4B01D4005E88E3 /* DateManager.swift */ = {isa = PBXFileReference; lastKnownFileType = sourcecode.swift; path = DateManager.swift; sourceTree = "<group>"; };
		4A0FEA0E2A4B0DDA005E88E3 /* CalendarDate.swift */ = {isa = PBXFileReference; lastKnownFileType = sourcecode.swift; path = CalendarDate.swift; sourceTree = "<group>"; };
		4A1B9BCC2A8B5717009832EF /* GoogleService-Info.plist */ = {isa = PBXFileReference; fileEncoding = 4; lastKnownFileType = text.plist.xml; path = "GoogleService-Info.plist"; sourceTree = "<group>"; };
		4A1DDF1D2A2C338100B3A72B /* TouchableStack.swift */ = {isa = PBXFileReference; lastKnownFileType = sourcecode.swift; path = TouchableStack.swift; sourceTree = "<group>"; };
		4A1DDF212A2C7CC700B3A72B /* RegisterProfileRequest.swift */ = {isa = PBXFileReference; lastKnownFileType = sourcecode.swift; path = RegisterProfileRequest.swift; sourceTree = "<group>"; };
		4A1DDF232A2C7CCD00B3A72B /* SignUpResponse.swift */ = {isa = PBXFileReference; lastKnownFileType = sourcecode.swift; path = SignUpResponse.swift; sourceTree = "<group>"; };
		4A1DDF292A2F2DDA00B3A72B /* UserData.swift */ = {isa = PBXFileReference; lastKnownFileType = sourcecode.swift; path = UserData.swift; sourceTree = "<group>"; };
		4A1DDF2B2A2F38E800B3A72B /* FetchDiaryRequest.swift */ = {isa = PBXFileReference; lastKnownFileType = sourcecode.swift; path = FetchDiaryRequest.swift; sourceTree = "<group>"; };
		4A1DDF2D2A2F3D3600B3A72B /* NetworkResponse.swift */ = {isa = PBXFileReference; lastKnownFileType = sourcecode.swift; path = NetworkResponse.swift; sourceTree = "<group>"; };
		4A327D402A545509002EEB55 /* AddScheduleRequest.swift */ = {isa = PBXFileReference; lastKnownFileType = sourcecode.swift; path = AddScheduleRequest.swift; sourceTree = "<group>"; };
		4A327D422A5459EF002EEB55 /* AddScheduleResponse.swift */ = {isa = PBXFileReference; lastKnownFileType = sourcecode.swift; path = AddScheduleResponse.swift; sourceTree = "<group>"; };
		4A327D452A545BD0002EEB55 /* ScheduleDetailCore.swift */ = {isa = PBXFileReference; lastKnownFileType = sourcecode.swift; path = ScheduleDetailCore.swift; sourceTree = "<group>"; };
		4A327D472A545BDB002EEB55 /* ScheduleDetailView.swift */ = {isa = PBXFileReference; lastKnownFileType = sourcecode.swift; path = ScheduleDetailView.swift; sourceTree = "<group>"; };
		4A327D492A55AC48002EEB55 /* SwiftUI+Helper.swift */ = {isa = PBXFileReference; lastKnownFileType = sourcecode.swift; path = "SwiftUI+Helper.swift"; sourceTree = "<group>"; };
		4A327DB42A592039002EEB55 /* ScheduleDetail.swift */ = {isa = PBXFileReference; lastKnownFileType = sourcecode.swift; path = ScheduleDetail.swift; sourceTree = "<group>"; };
		4A327DB62A5A7C54002EEB55 /* Image+Extension.swift */ = {isa = PBXFileReference; lastKnownFileType = sourcecode.swift; path = "Image+Extension.swift"; sourceTree = "<group>"; };
		4A41C90E2A8F707C00E666C5 /* DiaryFocusedType.swift */ = {isa = PBXFileReference; lastKnownFileType = sourcecode.swift; path = DiaryFocusedType.swift; sourceTree = "<group>"; };
		4A41C9102A8F8EEE00E666C5 /* DiaryPreviewTabView.swift */ = {isa = PBXFileReference; lastKnownFileType = sourcecode.swift; path = DiaryPreviewTabView.swift; sourceTree = "<group>"; };
		4A41C9122A8F8FAF00E666C5 /* DiaryPreviewContentView.swift */ = {isa = PBXFileReference; lastKnownFileType = sourcecode.swift; path = DiaryPreviewContentView.swift; sourceTree = "<group>"; };
		4A4894532A3EE0CC00BC4102 /* ResponseError.swift */ = {isa = PBXFileReference; lastKnownFileType = sourcecode.swift; path = ResponseError.swift; sourceTree = "<group>"; };
		4A748C642A88C30900E51ACF /* BorderTextField.swift */ = {isa = PBXFileReference; lastKnownFileType = sourcecode.swift; path = BorderTextField.swift; sourceTree = "<group>"; };
		4A8269FD2A6387B20060CE7F /* CalendarPreviewTabView.swift */ = {isa = PBXFileReference; lastKnownFileType = sourcecode.swift; path = CalendarPreviewTabView.swift; sourceTree = "<group>"; };
		4A8269FF2A6387C50060CE7F /* CalendarPreviewContentView.swift */ = {isa = PBXFileReference; lastKnownFileType = sourcecode.swift; path = CalendarPreviewContentView.swift; sourceTree = "<group>"; };
		4A89961A2A7E1CE100FA5C81 /* Profile.swift */ = {isa = PBXFileReference; lastKnownFileType = sourcecode.swift; path = Profile.swift; sourceTree = "<group>"; };
		4AB2DB272A18FBE3003EFD95 /* Pretendard-Regular.otf */ = {isa = PBXFileReference; lastKnownFileType = file; path = "Pretendard-Regular.otf"; sourceTree = "<group>"; };
		4AB2DB292A18FBE3003EFD95 /* Pretendard-Bold.otf */ = {isa = PBXFileReference; lastKnownFileType = file; path = "Pretendard-Bold.otf"; sourceTree = "<group>"; };
		4AB2DB2D2A19A24D003EFD95 /* View+Extension.swift */ = {isa = PBXFileReference; lastKnownFileType = sourcecode.swift; path = "View+Extension.swift"; sourceTree = "<group>"; };
		4AB2DB302A19A282003EFD95 /* TextFieldClearButton.swift */ = {isa = PBXFileReference; lastKnownFileType = sourcecode.swift; path = TextFieldClearButton.swift; sourceTree = "<group>"; };
		4AB2DB332A19A2C1003EFD95 /* TextFieldState.swift */ = {isa = PBXFileReference; lastKnownFileType = sourcecode.swift; path = TextFieldState.swift; sourceTree = "<group>"; };
		4AB2DB352A19AE4F003EFD95 /* KeyboardResponder.swift */ = {isa = PBXFileReference; lastKnownFileType = sourcecode.swift; path = KeyboardResponder.swift; sourceTree = "<group>"; };
		4AB2DB392A19B3F4003EFD95 /* OnboardingDateView.swift */ = {isa = PBXFileReference; lastKnownFileType = sourcecode.swift; path = OnboardingDateView.swift; sourceTree = "<group>"; };
		4AB2DB3B2A19B9F4003EFD95 /* BottomSheetView.swift */ = {isa = PBXFileReference; lastKnownFileType = sourcecode.swift; path = BottomSheetView.swift; sourceTree = "<group>"; };
		4AB2DB3D2A1A2EA4003EFD95 /* ContentView.swift */ = {isa = PBXFileReference; lastKnownFileType = sourcecode.swift; path = ContentView.swift; sourceTree = "<group>"; };
		4AB2DB3F2A1A2EF3003EFD95 /* DatePickerView.swift */ = {isa = PBXFileReference; lastKnownFileType = sourcecode.swift; path = DatePickerView.swift; sourceTree = "<group>"; };
		4AB2DB432A1A3290003EFD95 /* Pretendard-SemiBold.otf */ = {isa = PBXFileReference; lastKnownFileType = file; path = "Pretendard-SemiBold.otf"; sourceTree = "<group>"; };
		4AB2DB452A1A3366003EFD95 /* UIApplication+Extension.swift */ = {isa = PBXFileReference; lastKnownFileType = sourcecode.swift; path = "UIApplication+Extension.swift"; sourceTree = "<group>"; };
		4AB2DB482A1E6601003EFD95 /* MainTabView.swift */ = {isa = PBXFileReference; lastKnownFileType = sourcecode.swift; path = MainTabView.swift; sourceTree = "<group>"; };
		4AB2DB4C2A1F8651003EFD95 /* HomeItem.swift */ = {isa = PBXFileReference; lastKnownFileType = sourcecode.swift; path = HomeItem.swift; sourceTree = "<group>"; };
		4AB2DB502A1FAAA5003EFD95 /* Line.swift */ = {isa = PBXFileReference; lastKnownFileType = sourcecode.swift; path = Line.swift; sourceTree = "<group>"; };
		4AC71AB42A885F1B00618409 /* MyPageProfileEditView.swift */ = {isa = PBXFileReference; lastKnownFileType = sourcecode.swift; path = MyPageProfileEditView.swift; sourceTree = "<group>"; };
		4AC71AB62A885F2000618409 /* MyPageProfileEditCore.swift */ = {isa = PBXFileReference; lastKnownFileType = sourcecode.swift; path = MyPageProfileEditCore.swift; sourceTree = "<group>"; };
		4AC985AE2A5B0ACE0003D7AE /* Schedules.swift */ = {isa = PBXFileReference; lastKnownFileType = sourcecode.swift; path = Schedules.swift; sourceTree = "<group>"; };
		4AC985B02A5B0B1D0003D7AE /* Schedule.swift */ = {isa = PBXFileReference; lastKnownFileType = sourcecode.swift; path = Schedule.swift; sourceTree = "<group>"; };
		4AC985B22A5B0F810003D7AE /* Date+Properties.swift */ = {isa = PBXFileReference; lastKnownFileType = sourcecode.swift; path = "Date+Properties.swift"; sourceTree = "<group>"; };
		4ACCB9712A18DE7E009F1E22 /* R.generated.swift */ = {isa = PBXFileReference; fileEncoding = 4; lastKnownFileType = sourcecode.swift; path = R.generated.swift; sourceTree = SOURCE_ROOT; };
		4ACCB9772A18F0A6009F1E22 /* UIScreen+Extension.swift */ = {isa = PBXFileReference; lastKnownFileType = sourcecode.swift; path = "UIScreen+Extension.swift"; sourceTree = "<group>"; };
		4ACCB97D2A18F3C8009F1E22 /* OnboardingNicknameView.swift */ = {isa = PBXFileReference; lastKnownFileType = sourcecode.swift; path = OnboardingNicknameView.swift; sourceTree = "<group>"; };
		4ACCB9892A18F7ED009F1E22 /* Font+Extension.swift */ = {isa = PBXFileReference; lastKnownFileType = sourcecode.swift; path = "Font+Extension.swift"; sourceTree = "<group>"; };
		4ACCB98B2A18F935009F1E22 /* Info.plist */ = {isa = PBXFileReference; lastKnownFileType = text.plist; path = Info.plist; sourceTree = "<group>"; };
		4AD6028C2A4EB4970029D7EB /* CalendarTabView.swift */ = {isa = PBXFileReference; lastKnownFileType = sourcecode.swift; path = CalendarTabView.swift; sourceTree = "<group>"; };
		4AD6028E2A4EB7190029D7EB /* CalendarContentView.swift */ = {isa = PBXFileReference; lastKnownFileType = sourcecode.swift; path = CalendarContentView.swift; sourceTree = "<group>"; };
		4AD602902A4EB8200029D7EB /* CalendarWeekdayView.swift */ = {isa = PBXFileReference; lastKnownFileType = sourcecode.swift; path = CalendarWeekdayView.swift; sourceTree = "<group>"; };
		4AD602922A4EB8D00029D7EB /* CalendarDateView.swift */ = {isa = PBXFileReference; lastKnownFileType = sourcecode.swift; path = CalendarDateView.swift; sourceTree = "<group>"; };
		4AD602942A4EB9F40029D7EB /* CalendarScheduleView.swift */ = {isa = PBXFileReference; lastKnownFileType = sourcecode.swift; path = CalendarScheduleView.swift; sourceTree = "<group>"; };
		4AD602972A4EC7710029D7EB /* ScheduleAddView.swift */ = {isa = PBXFileReference; lastKnownFileType = sourcecode.swift; path = ScheduleAddView.swift; sourceTree = "<group>"; };
		4AD602992A4EC77A0029D7EB /* ScheduleAddCore.swift */ = {isa = PBXFileReference; lastKnownFileType = sourcecode.swift; path = ScheduleAddCore.swift; sourceTree = "<group>"; };
		4AD6029E2A4F00930029D7EB /* CommonToolBar.swift */ = {isa = PBXFileReference; lastKnownFileType = sourcecode.swift; path = CommonToolBar.swift; sourceTree = "<group>"; };
		4AD602A02A4F0EBD0029D7EB /* ScheduleAddContentView.swift */ = {isa = PBXFileReference; lastKnownFileType = sourcecode.swift; path = ScheduleAddContentView.swift; sourceTree = "<group>"; };
		4AD602A22A4F0F840029D7EB /* ScheduleAddMemoView.swift */ = {isa = PBXFileReference; lastKnownFileType = sourcecode.swift; path = ScheduleAddMemoView.swift; sourceTree = "<group>"; };
		4AD602A42A4F10510029D7EB /* CommonTextField.swift */ = {isa = PBXFileReference; lastKnownFileType = sourcecode.swift; path = CommonTextField.swift; sourceTree = "<group>"; };
		4AD602A62A4F19A80029D7EB /* ScheduleColor.swift */ = {isa = PBXFileReference; lastKnownFileType = sourcecode.swift; path = ScheduleColor.swift; sourceTree = "<group>"; };
		4AD602A82A4F1F610029D7EB /* CommonFocusedView.swift */ = {isa = PBXFileReference; lastKnownFileType = sourcecode.swift; path = CommonFocusedView.swift; sourceTree = "<group>"; };
		4AD602AA2A4F20C50029D7EB /* ScheduleAddFocusedType.swift */ = {isa = PBXFileReference; lastKnownFileType = sourcecode.swift; path = ScheduleAddFocusedType.swift; sourceTree = "<group>"; };
		4AD602AC2A4F9F7E0029D7EB /* ScheduleTime.swift */ = {isa = PBXFileReference; lastKnownFileType = sourcecode.swift; path = ScheduleTime.swift; sourceTree = "<group>"; };
		4AD602AF2A4FBE9F0029D7EB /* ScheduleAddColorView.swift */ = {isa = PBXFileReference; lastKnownFileType = sourcecode.swift; path = ScheduleAddColorView.swift; sourceTree = "<group>"; };
		4AD602B12A4FBF3A0029D7EB /* ScheduleAddStartDateView.swift */ = {isa = PBXFileReference; lastKnownFileType = sourcecode.swift; path = ScheduleAddStartDateView.swift; sourceTree = "<group>"; };
		4AD602B32A4FC2270029D7EB /* ScheduleAddEndDateView.swift */ = {isa = PBXFileReference; lastKnownFileType = sourcecode.swift; path = ScheduleAddEndDateView.swift; sourceTree = "<group>"; };
		4AD602B52A5000C50029D7EB /* ScheduleAddTimeView.swift */ = {isa = PBXFileReference; lastKnownFileType = sourcecode.swift; path = ScheduleAddTimeView.swift; sourceTree = "<group>"; };
		4AD602B92A5011110029D7EB /* ScheduleAddTitleView.swift */ = {isa = PBXFileReference; lastKnownFileType = sourcecode.swift; path = ScheduleAddTitleView.swift; sourceTree = "<group>"; };
		4AD602BB2A5018220029D7EB /* StringResource+Extension.swift */ = {isa = PBXFileReference; lastKnownFileType = sourcecode.swift; path = "StringResource+Extension.swift"; sourceTree = "<group>"; };
		4AD602BD2A5020BF0029D7EB /* ScheduleAddAlarmView.swift */ = {isa = PBXFileReference; lastKnownFileType = sourcecode.swift; path = ScheduleAddAlarmView.swift; sourceTree = "<group>"; };
		4AD602C02A506BEE0029D7EB /* ScheduleAddColorBottomSheetView.swift */ = {isa = PBXFileReference; lastKnownFileType = sourcecode.swift; path = ScheduleAddColorBottomSheetView.swift; sourceTree = "<group>"; };
		4AD602C32A506E250029D7EB /* ScheduleAddDateBottomSheetView.swift */ = {isa = PBXFileReference; lastKnownFileType = sourcecode.swift; path = ScheduleAddDateBottomSheetView.swift; sourceTree = "<group>"; };
		4AD602C52A506E840029D7EB /* ScheduleAddDatePickerView.swift */ = {isa = PBXFileReference; lastKnownFileType = sourcecode.swift; path = ScheduleAddDatePickerView.swift; sourceTree = "<group>"; };
		4AD602C72A508ED90029D7EB /* ScheduleAddTimeBottomSheetView.swift */ = {isa = PBXFileReference; lastKnownFileType = sourcecode.swift; path = ScheduleAddTimeBottomSheetView.swift; sourceTree = "<group>"; };
		4AD602CA2A508F560029D7EB /* ScheduleAddTimePickerView.swift */ = {isa = PBXFileReference; lastKnownFileType = sourcecode.swift; path = ScheduleAddTimePickerView.swift; sourceTree = "<group>"; };
		4AD602CC2A5167250029D7EB /* Int+Extension.swift */ = {isa = PBXFileReference; lastKnownFileType = sourcecode.swift; path = "Int+Extension.swift"; sourceTree = "<group>"; };
		4AD602CE2A5183070029D7EB /* GetHeightModifier.swift */ = {isa = PBXFileReference; lastKnownFileType = sourcecode.swift; path = GetHeightModifier.swift; sourceTree = "<group>"; };
		4AD602D22A51A98A0029D7EB /* CommonBottomSheetButtonView.swift */ = {isa = PBXFileReference; lastKnownFileType = sourcecode.swift; path = CommonBottomSheetButtonView.swift; sourceTree = "<group>"; };
		4AD602D42A51AF7D0029D7EB /* ScheduleAddAlarmBottomSheetView.swift */ = {isa = PBXFileReference; lastKnownFileType = sourcecode.swift; path = ScheduleAddAlarmBottomSheetView.swift; sourceTree = "<group>"; };
		4AD602D62A51AFDE0029D7EB /* ScheduleAlarm.swift */ = {isa = PBXFileReference; lastKnownFileType = sourcecode.swift; path = ScheduleAlarm.swift; sourceTree = "<group>"; };
		4AD602D82A5316BE0029D7EB /* UINavigationController+Extension.swift */ = {isa = PBXFileReference; lastKnownFileType = sourcecode.swift; path = "UINavigationController+Extension.swift"; sourceTree = "<group>"; };
		4AD853C72A88E45C0005EAD5 /* EditProfileRequest.swift */ = {isa = PBXFileReference; lastKnownFileType = sourcecode.swift; path = EditProfileRequest.swift; sourceTree = "<group>"; };
		4AD853CB2A88EE030005EAD5 /* WebView.swift */ = {isa = PBXFileReference; lastKnownFileType = sourcecode.swift; path = WebView.swift; sourceTree = "<group>"; };
		4AD853CD2A89AEB00005EAD5 /* CustomModalView.swift */ = {isa = PBXFileReference; lastKnownFileType = sourcecode.swift; path = CustomModalView.swift; sourceTree = "<group>"; };
		4AD853D02A89B30D0005EAD5 /* ImagePickerCore.swift */ = {isa = PBXFileReference; lastKnownFileType = sourcecode.swift; path = ImagePickerCore.swift; sourceTree = "<group>"; };
		4AD853D22A89B5D40005EAD5 /* CustomImagePicker.swift */ = {isa = PBXFileReference; lastKnownFileType = sourcecode.swift; path = CustomImagePicker.swift; sourceTree = "<group>"; };
		4AD937E22A3F19240093BD8D /* Page+Extension.swift */ = {isa = PBXFileReference; lastKnownFileType = sourcecode.swift; path = "Page+Extension.swift"; sourceTree = "<group>"; };
		4ADC019C2A792F790095A5E5 /* Diaries.swift */ = {isa = PBXFileReference; lastKnownFileType = sourcecode.swift; path = Diaries.swift; sourceTree = "<group>"; };
		4AE128332A8B9C670014CCE0 /* Bundle+Extension.swift */ = {isa = PBXFileReference; lastKnownFileType = sourcecode.swift; path = "Bundle+Extension.swift"; sourceTree = "<group>"; };
		4AE5CB482A20FF1D0016C0B4 /* HomeLeftLineView.swift */ = {isa = PBXFileReference; lastKnownFileType = sourcecode.swift; path = HomeLeftLineView.swift; sourceTree = "<group>"; };
		4AE5CB4A2A2102800016C0B4 /* HomeContentView.swift */ = {isa = PBXFileReference; lastKnownFileType = sourcecode.swift; path = HomeContentView.swift; sourceTree = "<group>"; };
		4AE5CB4D2A21B1180016C0B4 /* Diary.swift */ = {isa = PBXFileReference; lastKnownFileType = sourcecode.swift; path = Diary.swift; sourceTree = "<group>"; };
		4AE5CB4F2A21C0B10016C0B4 /* UIImage+Extension.swift */ = {isa = PBXFileReference; lastKnownFileType = sourcecode.swift; path = "UIImage+Extension.swift"; sourceTree = "<group>"; };
		4AE5CB532A21CA880016C0B4 /* MainTabCore.swift */ = {isa = PBXFileReference; lastKnownFileType = sourcecode.swift; path = MainTabCore.swift; sourceTree = "<group>"; };
		4AE5CB572A232E3F0016C0B4 /* DiaryCore.swift */ = {isa = PBXFileReference; lastKnownFileType = sourcecode.swift; path = DiaryCore.swift; sourceTree = "<group>"; };
		4AE5CB592A232E490016C0B4 /* DiaryView.swift */ = {isa = PBXFileReference; lastKnownFileType = sourcecode.swift; path = DiaryView.swift; sourceTree = "<group>"; };
		4AE5CB5B2A232EFC0016C0B4 /* MyPageView.swift */ = {isa = PBXFileReference; lastKnownFileType = sourcecode.swift; path = MyPageView.swift; sourceTree = "<group>"; };
		4AE5CB5D2A232F6C0016C0B4 /* MyPageCore.swift */ = {isa = PBXFileReference; lastKnownFileType = sourcecode.swift; path = MyPageCore.swift; sourceTree = "<group>"; };
		4AE5CB602A232FCA0016C0B4 /* CalendarCore.swift */ = {isa = PBXFileReference; lastKnownFileType = sourcecode.swift; path = CalendarCore.swift; sourceTree = "<group>"; };
		4AE5CB622A232FDB0016C0B4 /* CalendarView.swift */ = {isa = PBXFileReference; lastKnownFileType = sourcecode.swift; path = CalendarView.swift; sourceTree = "<group>"; };
		4AE5CB662A2348190016C0B4 /* String+Extension.swift */ = {isa = PBXFileReference; lastKnownFileType = sourcecode.swift; path = "String+Extension.swift"; sourceTree = "<group>"; };
		4AE5CB6A2A2469D00016C0B4 /* Calendar+Extension.swift */ = {isa = PBXFileReference; lastKnownFileType = sourcecode.swift; path = "Calendar+Extension.swift"; sourceTree = "<group>"; };
		4AE5CB6F2A261E520016C0B4 /* APIClient.swift */ = {isa = PBXFileReference; lastKnownFileType = sourcecode.swift; path = APIClient.swift; sourceTree = "<group>"; };
		4AE7C2EB2A904FC2001CB089 /* HalfSheetHelper.swift */ = {isa = PBXFileReference; lastKnownFileType = sourcecode.swift; path = HalfSheetHelper.swift; sourceTree = "<group>"; };
		4AE7C2EE2A90573F001CB089 /* DiaryDetailCore.swift */ = {isa = PBXFileReference; lastKnownFileType = sourcecode.swift; path = DiaryDetailCore.swift; sourceTree = "<group>"; };
/* End PBXFileReference section */

/* Begin PBXFrameworksBuildPhase section */
		4A03967C2A0FA5B600EB062D /* Frameworks */ = {
			isa = PBXFrameworksBuildPhase;
			buildActionMask = 2147483647;
			files = (
				428AED322A87610100F446B2 /* ComposableArchitecture in Frameworks */,
				425F25B52A543B7200A333A5 /* FirebaseMessaging in Frameworks */,
				425640302A58463200EC962E /* KakaoSDK in Frameworks */,
				A0E83505901348E67E5231F5 /* Pods_LoveBird.framework in Frameworks */,
				425F25B32A543B7200A333A5 /* FirebaseAnalytics in Frameworks */,
			);
			runOnlyForDeploymentPostprocessing = 0;
		};
/* End PBXFrameworksBuildPhase section */

/* Begin PBXGroup section */
		4260B0572A8CA244002A61B6 /* CoupleLink */ = {
			isa = PBXGroup;
			children = (
				4260B0582A8CA257002A61B6 /* CoupleLinkView.swift */,
				4260B05A2A8CA260002A61B6 /* CoupleLinkCore.swift */,
			);
			path = CoupleLink;
			sourceTree = "<group>";
		};
		4263E1CB2A2F3550008B402B /* Place */ = {
			isa = PBXGroup;
			children = (
				4263E1C72A2F3522008B402B /* SearchPlaceCore.swift */,
				4263E1CC2A2F3563008B402B /* SearchPlaceView.swift */,
			);
			path = Place;
			sourceTree = "<group>";
		};
		4275795B2A45781600E38D65 /* Recovered References */ = {
			isa = PBXGroup;
			children = (
				4263E1C32A2F34E8008B402B /* NetworkManager.swift */,
				4263E1C52A2F3500008B402B /* SearchPlaceAPI.swift */,
			);
			name = "Recovered References";
			sourceTree = "<group>";
		};
		42E4D5872A4DBB1700F4FA42 /* Login */ = {
			isa = PBXGroup;
			children = (
				42E4D5882A4DBB2E00F4FA42 /* LoginView.swift */,
				42E4D58A2A4DBB3500F4FA42 /* LoginCore.swift */,
			);
			path = Login;
			sourceTree = "<group>";
		};
		4A0396762A0FA5B600EB062D = {
			isa = PBXGroup;
			children = (
				4A0396812A0FA5B600EB062D /* LoveBird */,
				4A0396802A0FA5B600EB062D /* Products */,
				D7CA53FAC36EEFD98CB4B011 /* Pods */,
				BF6E410E5BBC3F57980C8846 /* Frameworks */,
				4275795B2A45781600E38D65 /* Recovered References */,
			);
			indentWidth = 2;
			sourceTree = "<group>";
			tabWidth = 2;
		};
		4A0396802A0FA5B600EB062D /* Products */ = {
			isa = PBXGroup;
			children = (
				4A03967F2A0FA5B600EB062D /* LoveBird.app */,
			);
			name = Products;
			sourceTree = "<group>";
		};
		4A0396812A0FA5B600EB062D /* LoveBird */ = {
			isa = PBXGroup;
			children = (
				425F25B02A54380F00A333A5 /* LoveBird.entitlements */,
				4ACCB98B2A18F935009F1E22 /* Info.plist */,
				4A1B9BCC2A8B5717009832EF /* GoogleService-Info.plist */,
				4A3F1FB02A18D15B009856F1 /* Resources */,
				4A0396902A0FA5E900EB062D /* Sources */,
				4A0396882A0FA5B800EB062D /* Preview Content */,
				42470D292A8FA8E0003E327E /* Config.swift */,
			);
			path = LoveBird;
			sourceTree = "<group>";
		};
		4A0396882A0FA5B800EB062D /* Preview Content */ = {
			isa = PBXGroup;
			children = (
				4A0396892A0FA5B800EB062D /* Preview Assets.xcassets */,
			);
			path = "Preview Content";
			sourceTree = "<group>";
		};
		4A0396902A0FA5E900EB062D /* Sources */ = {
			isa = PBXGroup;
			children = (
				4A1DDF1A2A2C104200B3A72B /* ViewModifier */,
				4AE5CB6C2A261A100016C0B4 /* Network */,
				4AE5CB4C2A21B1070016C0B4 /* Model */,
				4AB2DB2F2A19A26B003EFD95 /* Util */,
				4ACCB9762A18F094009F1E22 /* Extension */,
				4ACCB9732A18F004009F1E22 /* Components */,
				4A0396942A0FA61A00EB062D /* Root */,
			);
			path = Sources;
			sourceTree = "<group>";
		};
		4A0396912A0FA61A00EB062D /* Onboarding */ = {
			isa = PBXGroup;
			children = (
				4AB2DB3D2A1A2EA4003EFD95 /* ContentView.swift */,
				42E4D58C2A4DD3D600F4FA42 /* SplashView.swift */,
				4AB2DB332A19A2C1003EFD95 /* TextFieldState.swift */,
				4A0396922A0FA61A00EB062D /* OnboardingCore.swift */,
				4A0396932A0FA61A00EB062D /* OnboardingView.swift */,
				4ACCB97D2A18F3C8009F1E22 /* OnboardingNicknameView.swift */,
				4AB2DB392A19B3F4003EFD95 /* OnboardingDateView.swift */,
				427573EF2A4F06DD00A8FD33 /* OnboardingEmailView.swift */,
				427573F12A519A3200A8FD33 /* OnboardingProfileView.swift */,
				427573F52A52883500A8FD33 /* OnboardingBirthDateView.swift */,
				427573F72A53287000A8FD33 /* OnboardingGenderView.swift */,
				427573F92A53377E00A8FD33 /* OnboardingInvitationView.swift */,
			);
			path = Onboarding;
			sourceTree = "<group>";
		};
		4A0396942A0FA61A00EB062D /* Root */ = {
			isa = PBXGroup;
			children = (
				4260B0572A8CA244002A61B6 /* CoupleLink */,
				42E4D5872A4DBB1700F4FA42 /* Login */,
				4A327D442A545BC1002EEB55 /* ScheduleDetail */,
				4AD602962A4EC7650029D7EB /* ScheduleAdd */,
				4263E1CB2A2F3550008B402B /* Place */,
				4AE5CB5F2A232FC10016C0B4 /* Calander */,
				4AE5CB562A232E330016C0B4 /* MyPage */,
				4AC71AB22A885EED00618409 /* MyPageProfileEdit */,
				4AD853CF2A89B3010005EAD5 /* ImagePicker */,
				4AD853CA2A88EDF40005EAD5 /* Web */,
				4AE5CB552A232E250016C0B4 /* Diary */,
				4AE7C2ED2A90572B001CB089 /* DiaryDetail */,
				4AB2DB472A1E65F8003EFD95 /* Main */,
				4A0396982A0FA61A00EB062D /* Home */,
				4A0396912A0FA61A00EB062D /* Onboarding */,
				4A0396822A0FA5B600EB062D /* LoveBirdApp.swift */,
				4A0396962A0FA61A00EB062D /* RootCore.swift */,
				4A0396972A0FA61A00EB062D /* RootView.swift */,
			);
			path = Root;
			sourceTree = "<group>";
		};
		4A0396982A0FA61A00EB062D /* Home */ = {
			isa = PBXGroup;
			children = (
				4A0396992A0FA61A00EB062D /* HomeView.swift */,
				4A03969A2A0FA61A00EB062D /* HomeCore.swift */,
				4AB2DB4C2A1F8651003EFD95 /* HomeItem.swift */,
				4AE5CB482A20FF1D0016C0B4 /* HomeLeftLineView.swift */,
				4AE5CB4A2A2102800016C0B4 /* HomeContentView.swift */,
			);
			path = Home;
			sourceTree = "<group>";
		};
		4A1DDF1A2A2C104200B3A72B /* ViewModifier */ = {
			isa = PBXGroup;
			children = (
				4AB2DB302A19A282003EFD95 /* TextFieldClearButton.swift */,
				4AD602CE2A5183070029D7EB /* GetHeightModifier.swift */,
				4263E1BD2A2F33DB008B402B /* ResignKeyboardOnDragGesture.swift */,
			);
			path = ViewModifier;
			sourceTree = "<group>";
		};
		4A1DDF1F2A2C7CA700B3A72B /* Response */ = {
			isa = PBXGroup;
			children = (
				4A1DDF232A2C7CCD00B3A72B /* SignUpResponse.swift */,
				42784F862A8A1A0F00F39139 /* TryLinkResponse.swift */,
				42E064152A45C11600B9EAC3 /* SearchPlaceResponse.swift */,
				4260B05C2A8CE1AE002A61B6 /* TryDiaryResponse.swift */,
				425640332A5AB30900EC962E /* LoginResponse.swift */,
				4A327D422A5459EF002EEB55 /* AddScheduleResponse.swift */,
				42784F822A89FA8800F39139 /* InvitationCodeResponse.swift */,
			);
			path = Response;
			sourceTree = "<group>";
		};
		4A1DDF202A2C7CB300B3A72B /* Request */ = {
			isa = PBXGroup;
			children = (
				4A1DDF212A2C7CC700B3A72B /* RegisterProfileRequest.swift */,
				4A1DDF2B2A2F38E800B3A72B /* FetchDiaryRequest.swift */,
				42784F8A2A8A8E2600F39139 /* RegisterDiaryRequest.swift */,
				42E064102A45B5A000B9EAC3 /* PlaceRequest.swift */,
				425640312A5AA78B00EC962E /* KakaoLoginRequest.swift */,
				4256403D2A6454E100EC962E /* AppleLoginRequest.swift */,
				4A327D402A545509002EEB55 /* AddScheduleRequest.swift */,
				4AD853C72A88E45C0005EAD5 /* EditProfileRequest.swift */,
			);
			path = Request;
			sourceTree = "<group>";
		};
		4A327D442A545BC1002EEB55 /* ScheduleDetail */ = {
			isa = PBXGroup;
			children = (
				4A327D452A545BD0002EEB55 /* ScheduleDetailCore.swift */,
				4A327D472A545BDB002EEB55 /* ScheduleDetailView.swift */,
			);
			path = ScheduleDetail;
			sourceTree = "<group>";
		};
		4A3F1FB02A18D15B009856F1 /* Resources */ = {
			isa = PBXGroup;
			children = (
				4ACCB97F2A18F7BF009F1E22 /* Font */,
				4ACCB9712A18DE7E009F1E22 /* R.generated.swift */,
				4A0396862A0FA5B800EB062D /* Assets.xcassets */,
				42E064142A45BF3800B9EAC3 /* Localizable.strings */,
			);
			path = Resources;
			sourceTree = "<group>";
		};
		4AB2DB2F2A19A26B003EFD95 /* Util */ = {
			isa = PBXGroup;
			children = (
				4AB2DB352A19AE4F003EFD95 /* KeyboardResponder.swift */,
				4A1DDF292A2F2DDA00B3A72B /* UserData.swift */,
				4A0FEA0C2A4B01D4005E88E3 /* DateManager.swift */,
				4A327D492A55AC48002EEB55 /* SwiftUI+Helper.swift */,
				42470D2B2A908F67003E327E /* ImageAccessAuth.swift */,
			);
			path = Util;
			sourceTree = "<group>";
		};
		4AB2DB472A1E65F8003EFD95 /* Main */ = {
			isa = PBXGroup;
			children = (
				4AB2DB482A1E6601003EFD95 /* MainTabView.swift */,
				4AE5CB532A21CA880016C0B4 /* MainTabCore.swift */,
			);
			name = Main;
			path = "ㅡ먀ㅜ";
			sourceTree = "<group>";
		};
		4AC71AB22A885EED00618409 /* MyPageProfileEdit */ = {
			isa = PBXGroup;
			children = (
				4AC71AB42A885F1B00618409 /* MyPageProfileEditView.swift */,
				4AC71AB62A885F2000618409 /* MyPageProfileEditCore.swift */,
			);
			path = MyPageProfileEdit;
			sourceTree = "<group>";
		};
		4ACCB9732A18F004009F1E22 /* Components */ = {
			isa = PBXGroup;
			children = (
				4AB2DB3B2A19B9F4003EFD95 /* BottomSheetView.swift */,
				4AE7C2EB2A904FC2001CB089 /* HalfSheetHelper.swift */,
				4AB2DB3F2A1A2EF3003EFD95 /* DatePickerView.swift */,
				42784F802A88B76500F39139 /* BirthDatePickerView.swift */,
				4AB2DB502A1FAAA5003EFD95 /* Line.swift */,
				4A1DDF1D2A2C338100B3A72B /* TouchableStack.swift */,
				4263E1BB2A2F3372008B402B /* DiarySelectPlaceButton.swift */,
				42E4D5832A4C701A00F4FA42 /* DiarySelectCalenderButton.swift */,
				4263E1BF2A2F3419008B402B /* ImagePicker.swift */,
				4AD6029E2A4F00930029D7EB /* CommonToolBar.swift */,
				4AD602A42A4F10510029D7EB /* CommonTextField.swift */,
				4AD602D22A51A98A0029D7EB /* CommonBottomSheetButtonView.swift */,
				4A748C642A88C30900E51ACF /* BorderTextField.swift */,
				4AD853CD2A89AEB00005EAD5 /* CustomModalView.swift */,
				4AD853D22A89B5D40005EAD5 /* CustomImagePicker.swift */,
			);
			path = Components;
			sourceTree = "<group>";
		};
		4ACCB9762A18F094009F1E22 /* Extension */ = {
			isa = PBXGroup;
			children = (
				4ACCB9772A18F0A6009F1E22 /* UIScreen+Extension.swift */,
				4ACCB9892A18F7ED009F1E22 /* Font+Extension.swift */,
				4AB2DB2D2A19A24D003EFD95 /* View+Extension.swift */,
				4AB2DB452A1A3366003EFD95 /* UIApplication+Extension.swift */,
				4AE5CB4F2A21C0B10016C0B4 /* UIImage+Extension.swift */,
				4AE5CB662A2348190016C0B4 /* String+Extension.swift */,
				4AE5CB6A2A2469D00016C0B4 /* Calendar+Extension.swift */,
				4AD937E22A3F19240093BD8D /* Page+Extension.swift */,
				4A0FEA082A474531005E88E3 /* Date+DataFormatter.swift */,
				4AC985B22A5B0F810003D7AE /* Date+Properties.swift */,
				4A0FEA0A2A47D640005E88E3 /* DateFormatter+Extension.swift */,
				4AD602BB2A5018220029D7EB /* StringResource+Extension.swift */,
				4AD602CC2A5167250029D7EB /* Int+Extension.swift */,
				4AD602D82A5316BE0029D7EB /* UINavigationController+Extension.swift */,
				4A327DB62A5A7C54002EEB55 /* Image+Extension.swift */,
				4AE128332A8B9C670014CCE0 /* Bundle+Extension.swift */,
			);
			path = Extension;
			sourceTree = "<group>";
		};
		4ACCB97F2A18F7BF009F1E22 /* Font */ = {
			isa = PBXGroup;
			children = (
				42E4D5982A4DECE800F4FA42 /* GmarketSansBold.otf */,
				42E4D5992A4DECE800F4FA42 /* GmarketSansLight.otf */,
				42E4D5972A4DECE700F4FA42 /* GmarketSansMedium.otf */,
				4AB2DB432A1A3290003EFD95 /* Pretendard-SemiBold.otf */,
				4AB2DB292A18FBE3003EFD95 /* Pretendard-Bold.otf */,
				4AB2DB272A18FBE3003EFD95 /* Pretendard-Regular.otf */,
			);
			path = Font;
			sourceTree = "<group>";
		};
		4AD602962A4EC7650029D7EB /* ScheduleAdd */ = {
			isa = PBXGroup;
			children = (
				4AD602AE2A4FBE930029D7EB /* Components */,
				4AD602972A4EC7710029D7EB /* ScheduleAddView.swift */,
				4AD602992A4EC77A0029D7EB /* ScheduleAddCore.swift */,
				4AD602A62A4F19A80029D7EB /* ScheduleColor.swift */,
				4AD602D62A51AFDE0029D7EB /* ScheduleAlarm.swift */,
				4AD602AA2A4F20C50029D7EB /* ScheduleAddFocusedType.swift */,
				4AD602AC2A4F9F7E0029D7EB /* ScheduleTime.swift */,
			);
			path = ScheduleAdd;
			sourceTree = "<group>";
		};
		4AD6029B2A4EC7D20029D7EB /* Components */ = {
			isa = PBXGroup;
			children = (
				4AD6028C2A4EB4970029D7EB /* CalendarTabView.swift */,
				4AD6028E2A4EB7190029D7EB /* CalendarContentView.swift */,
				4AD602902A4EB8200029D7EB /* CalendarWeekdayView.swift */,
				4AD602922A4EB8D00029D7EB /* CalendarDateView.swift */,
				4AD602942A4EB9F40029D7EB /* CalendarScheduleView.swift */,
				4A8269FD2A6387B20060CE7F /* CalendarPreviewTabView.swift */,
				4A8269FF2A6387C50060CE7F /* CalendarPreviewContentView.swift */,
			);
			path = Components;
			sourceTree = "<group>";
		};
		4AD602AE2A4FBE930029D7EB /* Components */ = {
			isa = PBXGroup;
			children = (
				4AD602C22A506DE20029D7EB /* Content */,
				4AD602BF2A506BE30029D7EB /* BottomSheet */,
				4AD602A02A4F0EBD0029D7EB /* ScheduleAddContentView.swift */,
				4AD602A82A4F1F610029D7EB /* CommonFocusedView.swift */,
			);
			path = Components;
			sourceTree = "<group>";
		};
		4AD602BF2A506BE30029D7EB /* BottomSheet */ = {
			isa = PBXGroup;
			children = (
				4AD602C02A506BEE0029D7EB /* ScheduleAddColorBottomSheetView.swift */,
				4AD602C32A506E250029D7EB /* ScheduleAddDateBottomSheetView.swift */,
				4AD602C72A508ED90029D7EB /* ScheduleAddTimeBottomSheetView.swift */,
				4AD602D42A51AF7D0029D7EB /* ScheduleAddAlarmBottomSheetView.swift */,
				4AD602C52A506E840029D7EB /* ScheduleAddDatePickerView.swift */,
				4AD602CA2A508F560029D7EB /* ScheduleAddTimePickerView.swift */,
			);
			path = BottomSheet;
			sourceTree = "<group>";
		};
		4AD602C22A506DE20029D7EB /* Content */ = {
			isa = PBXGroup;
			children = (
				4AD602A22A4F0F840029D7EB /* ScheduleAddMemoView.swift */,
				4AD602AF2A4FBE9F0029D7EB /* ScheduleAddColorView.swift */,
				4AD602BD2A5020BF0029D7EB /* ScheduleAddAlarmView.swift */,
				4AD602B12A4FBF3A0029D7EB /* ScheduleAddStartDateView.swift */,
				4AD602B32A4FC2270029D7EB /* ScheduleAddEndDateView.swift */,
				4AD602B52A5000C50029D7EB /* ScheduleAddTimeView.swift */,
				4AD602B92A5011110029D7EB /* ScheduleAddTitleView.swift */,
			);
			path = Content;
			sourceTree = "<group>";
		};
		4AD853CA2A88EDF40005EAD5 /* Web */ = {
			isa = PBXGroup;
			children = (
				4AD853CB2A88EE030005EAD5 /* WebView.swift */,
			);
			path = Web;
			sourceTree = "<group>";
		};
		4AD853CF2A89B3010005EAD5 /* ImagePicker */ = {
			isa = PBXGroup;
			children = (
				4AD853D02A89B30D0005EAD5 /* ImagePickerCore.swift */,
			);
			path = ImagePicker;
			sourceTree = "<group>";
		};
		4AE5CB4C2A21B1070016C0B4 /* Model */ = {
			isa = PBXGroup;
			children = (
				4AC985AE2A5B0ACE0003D7AE /* Schedules.swift */,
				4ADC019C2A792F790095A5E5 /* Diaries.swift */,
				4AE5CB4D2A21B1180016C0B4 /* Diary.swift */,
				4A327DB42A592039002EEB55 /* ScheduleDetail.swift */,
				4AC985B02A5B0B1D0003D7AE /* Schedule.swift */,
				4A89961A2A7E1CE100FA5C81 /* Profile.swift */,
			);
			path = Model;
			sourceTree = "<group>";
		};
		4AE5CB552A232E250016C0B4 /* Diary */ = {
			isa = PBXGroup;
			children = (
				4AE5CB572A232E3F0016C0B4 /* DiaryCore.swift */,
				4AE5CB592A232E490016C0B4 /* DiaryView.swift */,
				4A41C90E2A8F707C00E666C5 /* DiaryFocusedType.swift */,
				4A41C9102A8F8EEE00E666C5 /* DiaryPreviewTabView.swift */,
				4A41C9122A8F8FAF00E666C5 /* DiaryPreviewContentView.swift */,
			);
			path = Diary;
			sourceTree = "<group>";
		};
		4AE5CB562A232E330016C0B4 /* MyPage */ = {
			isa = PBXGroup;
			children = (
				4AE5CB5B2A232EFC0016C0B4 /* MyPageView.swift */,
				4AE5CB5D2A232F6C0016C0B4 /* MyPageCore.swift */,
			);
			path = MyPage;
			sourceTree = "<group>";
		};
		4AE5CB5F2A232FC10016C0B4 /* Calander */ = {
			isa = PBXGroup;
			children = (
				4AD6029B2A4EC7D20029D7EB /* Components */,
				4AE5CB602A232FCA0016C0B4 /* CalendarCore.swift */,
				4AE5CB622A232FDB0016C0B4 /* CalendarView.swift */,
				4A0FEA0E2A4B0DDA005E88E3 /* CalendarDate.swift */,
			);
			path = Calander;
			sourceTree = "<group>";
		};
		4AE5CB6C2A261A100016C0B4 /* Network */ = {
			isa = PBXGroup;
			children = (
				4A1DDF202A2C7CB300B3A72B /* Request */,
				4A1DDF1F2A2C7CA700B3A72B /* Response */,
				4A1DDF2D2A2F3D3600B3A72B /* NetworkResponse.swift */,
				4AE5CB6F2A261E520016C0B4 /* APIClient.swift */,
				42784F882A8A4FD100F39139 /* KakaoMapAPIClient.swift */,
				4A4894532A3EE0CC00BC4102 /* ResponseError.swift */,
			);
			path = Network;
			sourceTree = "<group>";
		};
		4AE7C2ED2A90572B001CB089 /* DiaryDetail */ = {
			isa = PBXGroup;
			children = (
				428AED2E2A86BE4400F446B2 /* DiaryDetailView.swift */,
				4AE7C2EE2A90573F001CB089 /* DiaryDetailCore.swift */,
			);
			path = DiaryDetail;
			sourceTree = "<group>";
		};
		BF6E410E5BBC3F57980C8846 /* Frameworks */ = {
			isa = PBXGroup;
			children = (
				212E893A725E4BE7E73B96EB /* Pods_LoveBird.framework */,
			);
			name = Frameworks;
			sourceTree = "<group>";
		};
		D7CA53FAC36EEFD98CB4B011 /* Pods */ = {
			isa = PBXGroup;
			children = (
				1F72EB125740F5145C2ECE5E /* Pods-LoveBird.debug.xcconfig */,
				30556E224283EEA95E9817D2 /* Pods-LoveBird.release.xcconfig */,
			);
			path = Pods;
			sourceTree = "<group>";
		};
/* End PBXGroup section */

/* Begin PBXNativeTarget section */
		4A03967E2A0FA5B600EB062D /* LoveBird */ = {
			isa = PBXNativeTarget;
			buildConfigurationList = 4A03968D2A0FA5B800EB062D /* Build configuration list for PBXNativeTarget "LoveBird" */;
			buildPhases = (
				B37984E55B7B6605DD10B3CB /* [CP] Check Pods Manifest.lock */,
				4A03967B2A0FA5B600EB062D /* Sources */,
				4A03967C2A0FA5B600EB062D /* Frameworks */,
				4A03967D2A0FA5B600EB062D /* Resources */,
				07DA7CF3B1C7E5319C54E3B6 /* [CP] Embed Pods Frameworks */,
				4A3F1FAF2A17ADB5009856F1 /* Run Script */,
			);
			buildRules = (
			);
			dependencies = (
			);
			name = LoveBird;
			packageProductDependencies = (
				425F25B22A543B7200A333A5 /* FirebaseAnalytics */,
				425F25B42A543B7200A333A5 /* FirebaseMessaging */,
				4256402F2A58463200EC962E /* KakaoSDK */,
				428AED312A87610100F446B2 /* ComposableArchitecture */,
			);
			productName = LoveBird;
			productReference = 4A03967F2A0FA5B600EB062D /* LoveBird.app */;
			productType = "com.apple.product-type.application";
		};
/* End PBXNativeTarget section */

/* Begin PBXProject section */
		4A0396772A0FA5B600EB062D /* Project object */ = {
			isa = PBXProject;
			attributes = {
				BuildIndependentTargetsInParallel = 1;
				LastSwiftUpdateCheck = 1430;
				LastUpgradeCheck = 1430;
				TargetAttributes = {
					4A03967E2A0FA5B600EB062D = {
						CreatedOnToolsVersion = 14.3;
					};
				};
			};
			buildConfigurationList = 4A03967A2A0FA5B600EB062D /* Build configuration list for PBXProject "LoveBird" */;
			compatibilityVersion = "Xcode 13.0";
			developmentRegion = en;
			hasScannedForEncodings = 0;
			knownRegions = (
				en,
				Base,
			);
			mainGroup = 4A0396762A0FA5B600EB062D;
			packageReferences = (
				425F25B12A543B7200A333A5 /* XCRemoteSwiftPackageReference "firebase-ios-sdk" */,
				4256402E2A58463200EC962E /* XCRemoteSwiftPackageReference "kakao-ios-sdk" */,
				428AED302A87610000F446B2 /* XCRemoteSwiftPackageReference "swift-composable-architecture" */,
			);
			productRefGroup = 4A0396802A0FA5B600EB062D /* Products */;
			projectDirPath = "";
			projectRoot = "";
			targets = (
				4A03967E2A0FA5B600EB062D /* LoveBird */,
			);
		};
/* End PBXProject section */

/* Begin PBXResourcesBuildPhase section */
		4A03967D2A0FA5B600EB062D /* Resources */ = {
			isa = PBXResourcesBuildPhase;
			buildActionMask = 2147483647;
			files = (
				4A03968A2A0FA5B800EB062D /* Preview Assets.xcassets in Resources */,
				42E064122A45BF3800B9EAC3 /* Localizable.strings in Resources */,
				4AB2DB2C2A18FBE3003EFD95 /* Pretendard-Bold.otf in Resources */,
				42E4D59B2A4DECE800F4FA42 /* GmarketSansBold.otf in Resources */,
				42E4D59C2A4DECE800F4FA42 /* GmarketSansLight.otf in Resources */,
				4AB2DB2A2A18FBE3003EFD95 /* Pretendard-Regular.otf in Resources */,
				4AB2DB442A1A3290003EFD95 /* Pretendard-SemiBold.otf in Resources */,
				4A1B9BCD2A8B5717009832EF /* GoogleService-Info.plist in Resources */,
				42E4D59A2A4DECE800F4FA42 /* GmarketSansMedium.otf in Resources */,
				4A0396872A0FA5B800EB062D /* Assets.xcassets in Resources */,
			);
			runOnlyForDeploymentPostprocessing = 0;
		};
/* End PBXResourcesBuildPhase section */

/* Begin PBXShellScriptBuildPhase section */
		07DA7CF3B1C7E5319C54E3B6 /* [CP] Embed Pods Frameworks */ = {
			isa = PBXShellScriptBuildPhase;
			buildActionMask = 2147483647;
			files = (
			);
			inputFileListPaths = (
				"${PODS_ROOT}/Target Support Files/Pods-LoveBird/Pods-LoveBird-frameworks-${CONFIGURATION}-input-files.xcfilelist",
			);
			name = "[CP] Embed Pods Frameworks";
			outputFileListPaths = (
				"${PODS_ROOT}/Target Support Files/Pods-LoveBird/Pods-LoveBird-frameworks-${CONFIGURATION}-output-files.xcfilelist",
			);
			runOnlyForDeploymentPostprocessing = 0;
			shellPath = /bin/sh;
			shellScript = "\"${PODS_ROOT}/Target Support Files/Pods-LoveBird/Pods-LoveBird-frameworks.sh\"\n";
			showEnvVarsInLog = 0;
		};
		4A3F1FAF2A17ADB5009856F1 /* Run Script */ = {
			isa = PBXShellScriptBuildPhase;
			alwaysOutOfDate = 1;
			buildActionMask = 12;
			files = (
			);
			inputFileListPaths = (
			);
			inputPaths = (
				"$TEMP_DIR/rswift-lastrun",
			);
			name = "Run Script";
			outputFileListPaths = (
			);
			outputPaths = (
				"--output $SRCROOT/R.generated.swift",
			);
			runOnlyForDeploymentPostprocessing = 0;
			shellPath = /bin/sh;
			shellScript = "\"$PODS_ROOT/R.swift/rswift\" generate \"$SRCROOT/R.generated.swift\" \n";
		};
		B37984E55B7B6605DD10B3CB /* [CP] Check Pods Manifest.lock */ = {
			isa = PBXShellScriptBuildPhase;
			buildActionMask = 2147483647;
			files = (
			);
			inputFileListPaths = (
			);
			inputPaths = (
				"${PODS_PODFILE_DIR_PATH}/Podfile.lock",
				"${PODS_ROOT}/Manifest.lock",
			);
			name = "[CP] Check Pods Manifest.lock";
			outputFileListPaths = (
			);
			outputPaths = (
				"$(DERIVED_FILE_DIR)/Pods-LoveBird-checkManifestLockResult.txt",
			);
			runOnlyForDeploymentPostprocessing = 0;
			shellPath = /bin/sh;
			shellScript = "diff \"${PODS_PODFILE_DIR_PATH}/Podfile.lock\" \"${PODS_ROOT}/Manifest.lock\" > /dev/null\nif [ $? != 0 ] ; then\n    # print error to STDERR\n    echo \"error: The sandbox is not in sync with the Podfile.lock. Run 'pod install' or update your CocoaPods installation.\" >&2\n    exit 1\nfi\n# This output is used by Xcode 'outputs' to avoid re-running this script phase.\necho \"SUCCESS\" > \"${SCRIPT_OUTPUT_FILE_0}\"\n";
			showEnvVarsInLog = 0;
		};
/* End PBXShellScriptBuildPhase section */

/* Begin PBXSourcesBuildPhase section */
		4A03967B2A0FA5B600EB062D /* Sources */ = {
			isa = PBXSourcesBuildPhase;
			buildActionMask = 2147483647;
			files = (
				42784F892A8A4FD100F39139 /* KakaoMapAPIClient.swift in Sources */,
				4AD602CB2A508F560029D7EB /* ScheduleAddTimePickerView.swift in Sources */,
				4A03969B2A0FA61A00EB062D /* OnboardingCore.swift in Sources */,
				4AB2DB4D2A1F8651003EFD95 /* HomeItem.swift in Sources */,
				4260B05D2A8CE1AE002A61B6 /* TryDiaryResponse.swift in Sources */,
				4AB2DB342A19A2C1003EFD95 /* TextFieldState.swift in Sources */,
				4263E1C02A2F3419008B402B /* ImagePicker.swift in Sources */,
				4AD602B02A4FBE9F0029D7EB /* ScheduleAddColorView.swift in Sources */,
				4AD602C62A506E840029D7EB /* ScheduleAddDatePickerView.swift in Sources */,
				4AE7C2EF2A90573F001CB089 /* DiaryDetailCore.swift in Sources */,
				4AB2DB402A1A2EF3003EFD95 /* DatePickerView.swift in Sources */,
				4ADC019D2A792F790095A5E5 /* Diaries.swift in Sources */,
				4AD602A12A4F0EBD0029D7EB /* ScheduleAddContentView.swift in Sources */,
				4AE7C2EC2A904FC2001CB089 /* HalfSheetHelper.swift in Sources */,
				4263E1BC2A2F3372008B402B /* DiarySelectPlaceButton.swift in Sources */,
				4A41C9132A8F8FAF00E666C5 /* DiaryPreviewContentView.swift in Sources */,
				4AC71AB52A885F1B00618409 /* MyPageProfileEditView.swift in Sources */,
				4AD602C82A508ED90029D7EB /* ScheduleAddTimeBottomSheetView.swift in Sources */,
				4260B05B2A8CA260002A61B6 /* CoupleLinkCore.swift in Sources */,
				4AC71AB72A885F2000618409 /* MyPageProfileEditCore.swift in Sources */,
				4AD602BE2A5020BF0029D7EB /* ScheduleAddAlarmView.swift in Sources */,
				4AD602A72A4F19A80029D7EB /* ScheduleColor.swift in Sources */,
				4A748C652A88C30900E51ACF /* BorderTextField.swift in Sources */,
				4AB2DB402A1A2EF3003EFD95 /* DatePickerView.swift in Sources */,
				4A41C90F2A8F707C00E666C5 /* DiaryFocusedType.swift in Sources */,
				4A1DDF2C2A2F38E800B3A72B /* FetchDiaryRequest.swift in Sources */,
				4AD602982A4EC7710029D7EB /* ScheduleAddView.swift in Sources */,
				4AE5CB502A21C0B10016C0B4 /* UIImage+Extension.swift in Sources */,
				4AD6029F2A4F00930029D7EB /* CommonToolBar.swift in Sources */,
				4AD602D72A51AFDE0029D7EB /* ScheduleAlarm.swift in Sources */,
				4A327D412A545509002EEB55 /* AddScheduleRequest.swift in Sources */,
				4A327DB52A592039002EEB55 /* ScheduleDetail.swift in Sources */,
				4A03969C2A0FA61A00EB062D /* OnboardingView.swift in Sources */,
				42784F8B2A8A8E2600F39139 /* RegisterDiaryRequest.swift in Sources */,
				4AE128342A8B9C670014CCE0 /* Bundle+Extension.swift in Sources */,
				4AD853D12A89B30D0005EAD5 /* ImagePickerCore.swift in Sources */,
				4A0396A12A0FA61A00EB062D /* HomeCore.swift in Sources */,
				4ACCB9722A18DE7E009F1E22 /* R.generated.swift in Sources */,
				4AC985B32A5B0F810003D7AE /* Date+Properties.swift in Sources */,
				42470D2A2A8FA8E0003E327E /* Config.swift in Sources */,
				4AD602CF2A5183070029D7EB /* GetHeightModifier.swift in Sources */,
				4A03969F2A0FA61A00EB062D /* RootView.swift in Sources */,
				4A327D4A2A55AC48002EEB55 /* SwiftUI+Helper.swift in Sources */,
				4AE5CB5C2A232EFC0016C0B4 /* MyPageView.swift in Sources */,
				4AE5CB542A21CA880016C0B4 /* MainTabCore.swift in Sources */,
				425640342A5AB30900EC962E /* LoginResponse.swift in Sources */,
				4256403E2A6454E100EC962E /* AppleLoginRequest.swift in Sources */,
				4263E1BE2A2F33DB008B402B /* ResignKeyboardOnDragGesture.swift in Sources */,
				4ACCB97E2A18F3C8009F1E22 /* OnboardingNicknameView.swift in Sources */,
				4AD602932A4EB8D00029D7EB /* CalendarDateView.swift in Sources */,
				4AD602BA2A5011110029D7EB /* ScheduleAddTitleView.swift in Sources */,
				4AE5CB5E2A232F6C0016C0B4 /* MyPageCore.swift in Sources */,
				427573F02A4F06DD00A8FD33 /* OnboardingEmailView.swift in Sources */,
				427573F22A519A3200A8FD33 /* OnboardingProfileView.swift in Sources */,
				4ACCB9782A18F0A6009F1E22 /* UIScreen+Extension.swift in Sources */,
				4AB2DB362A19AE4F003EFD95 /* KeyboardResponder.swift in Sources */,
				4260B0592A8CA257002A61B6 /* CoupleLinkView.swift in Sources */,
				4AE5CB632A232FDB0016C0B4 /* CalendarView.swift in Sources */,
				42E064112A45B5A000B9EAC3 /* PlaceRequest.swift in Sources */,
				428AED2F2A86BE4400F446B2 /* DiaryDetailView.swift in Sources */,
				42E4D5892A4DBB2E00F4FA42 /* LoginView.swift in Sources */,
				427573F82A53287000A8FD33 /* OnboardingGenderView.swift in Sources */,
				4A826A002A6387C50060CE7F /* CalendarPreviewContentView.swift in Sources */,
				4AD602912A4EB8200029D7EB /* CalendarWeekdayView.swift in Sources */,
				4AD602A92A4F1F610029D7EB /* CommonFocusedView.swift in Sources */,
				4AD602B42A4FC2270029D7EB /* ScheduleAddEndDateView.swift in Sources */,
				4A0FEA0B2A47D640005E88E3 /* DateFormatter+Extension.swift in Sources */,
				4A0396A02A0FA61A00EB062D /* HomeView.swift in Sources */,
				4AB2DB492A1E6601003EFD95 /* MainTabView.swift in Sources */,
				4AD602BC2A5018220029D7EB /* StringResource+Extension.swift in Sources */,
				42470D2C2A908F67003E327E /* ImageAccessAuth.swift in Sources */,
				4AE5CB4B2A2102800016C0B4 /* HomeContentView.swift in Sources */,
				4AD602B62A5000C50029D7EB /* ScheduleAddTimeView.swift in Sources */,
				4AE5CB582A232E3F0016C0B4 /* DiaryCore.swift in Sources */,
				4AD6028D2A4EB4970029D7EB /* CalendarTabView.swift in Sources */,
				4AE5CB4E2A21B1180016C0B4 /* Diary.swift in Sources */,
				42784F872A8A1A0F00F39139 /* TryLinkResponse.swift in Sources */,
				4AE5CB612A232FCA0016C0B4 /* CalendarCore.swift in Sources */,
				4263E1CD2A2F3563008B402B /* SearchPlaceView.swift in Sources */,
				4AD853D32A89B5D40005EAD5 /* CustomImagePicker.swift in Sources */,
				42E064162A45C11600B9EAC3 /* SearchPlaceResponse.swift in Sources */,
				4263E1C82A2F3522008B402B /* SearchPlaceCore.swift in Sources */,
				4A0FEA0D2A4B01D4005E88E3 /* DateManager.swift in Sources */,
				4A4894542A3EE0CC00BC4102 /* ResponseError.swift in Sources */,
				4A41C9112A8F8EEE00E666C5 /* DiaryPreviewTabView.swift in Sources */,
				427573FA2A53377E00A8FD33 /* OnboardingInvitationView.swift in Sources */,
				4A8269FE2A6387B20060CE7F /* CalendarPreviewTabView.swift in Sources */,
				4AD602C12A506BEE0029D7EB /* ScheduleAddColorBottomSheetView.swift in Sources */,
				4A327D432A5459EF002EEB55 /* AddScheduleResponse.swift in Sources */,
				4AD602A52A4F10510029D7EB /* CommonTextField.swift in Sources */,
				4A1DDF242A2C7CCD00B3A72B /* SignUpResponse.swift in Sources */,
				4A0396832A0FA5B600EB062D /* LoveBirdApp.swift in Sources */,
				4AD602952A4EB9F40029D7EB /* CalendarScheduleView.swift in Sources */,
				4AB2DB3C2A19B9F4003EFD95 /* BottomSheetView.swift in Sources */,
				4AE5CB6B2A2469D00016C0B4 /* Calendar+Extension.swift in Sources */,
				4AD602C42A506E250029D7EB /* ScheduleAddDateBottomSheetView.swift in Sources */,
				4AB2DB3A2A19B3F4003EFD95 /* OnboardingDateView.swift in Sources */,
				4AB2DB462A1A3366003EFD95 /* UIApplication+Extension.swift in Sources */,
				42E4D5842A4C701A00F4FA42 /* DiarySelectCalenderButton.swift in Sources */,
				4AD602AD2A4F9F7E0029D7EB /* ScheduleTime.swift in Sources */,
				4A0FEA092A474531005E88E3 /* Date+DataFormatter.swift in Sources */,
				4AB2DB312A19A282003EFD95 /* TextFieldClearButton.swift in Sources */,
				4A1DDF2E2A2F3D3600B3A72B /* NetworkResponse.swift in Sources */,
				4AE5CB672A2348190016C0B4 /* String+Extension.swift in Sources */,
				4AD853CE2A89AEB00005EAD5 /* CustomModalView.swift in Sources */,
				4AD937E32A3F19240093BD8D /* Page+Extension.swift in Sources */,
				4AD853C82A88E45C0005EAD5 /* EditProfileRequest.swift in Sources */,
				4AD602AB2A4F20C50029D7EB /* ScheduleAddFocusedType.swift in Sources */,
				4AC985AF2A5B0ACE0003D7AE /* Schedules.swift in Sources */,
				4A327D482A545BDB002EEB55 /* ScheduleDetailView.swift in Sources */,
				4AD602B22A4FBF3A0029D7EB /* ScheduleAddStartDateView.swift in Sources */,
				42784F812A88B76500F39139 /* BirthDatePickerView.swift in Sources */,
				4AB2DB3E2A1A2EA4003EFD95 /* ContentView.swift in Sources */,
				4A0FEA0F2A4B0DDA005E88E3 /* CalendarDate.swift in Sources */,
				4A03969E2A0FA61A00EB062D /* RootCore.swift in Sources */,
				4A327DB72A5A7C54002EEB55 /* Image+Extension.swift in Sources */,
				42784F832A89FA8800F39139 /* InvitationCodeResponse.swift in Sources */,
				4A89961B2A7E1CE100FA5C81 /* Profile.swift in Sources */,
				4A1DDF1E2A2C338100B3A72B /* TouchableStack.swift in Sources */,
				4AB2DB512A1FAAA5003EFD95 /* Line.swift in Sources */,
				4AD6028F2A4EB7190029D7EB /* CalendarContentView.swift in Sources */,
				4AB2DB2E2A19A24D003EFD95 /* View+Extension.swift in Sources */,
				4AD853CC2A88EE030005EAD5 /* WebView.swift in Sources */,
				4AD602CD2A5167250029D7EB /* Int+Extension.swift in Sources */,
				4AD602A32A4F0F840029D7EB /* ScheduleAddMemoView.swift in Sources */,
				4A1DDF2A2A2F2DDA00B3A72B /* UserData.swift in Sources */,
				4AD602D92A5316BE0029D7EB /* UINavigationController+Extension.swift in Sources */,
				4AE5CB702A261E520016C0B4 /* APIClient.swift in Sources */,
				4AD602D32A51A98A0029D7EB /* CommonBottomSheetButtonView.swift in Sources */,
				4A327D462A545BD0002EEB55 /* ScheduleDetailCore.swift in Sources */,
				4AE5CB492A20FF1D0016C0B4 /* HomeLeftLineView.swift in Sources */,
				4AD602D52A51AF7D0029D7EB /* ScheduleAddAlarmBottomSheetView.swift in Sources */,
				4A1DDF222A2C7CC700B3A72B /* RegisterProfileRequest.swift in Sources */,
				42E4D58B2A4DBB3500F4FA42 /* LoginCore.swift in Sources */,
				425640322A5AA78C00EC962E /* KakaoLoginRequest.swift in Sources */,
				42E4D58D2A4DD3D600F4FA42 /* SplashView.swift in Sources */,
				4AE5CB5A2A232E490016C0B4 /* DiaryView.swift in Sources */,
				4ACCB98A2A18F7ED009F1E22 /* Font+Extension.swift in Sources */,
				427573F62A52883500A8FD33 /* OnboardingBirthDateView.swift in Sources */,
				4AC985B12A5B0B1D0003D7AE /* Schedule.swift in Sources */,
				4AD6029A2A4EC77A0029D7EB /* ScheduleAddCore.swift in Sources */,
			);
			runOnlyForDeploymentPostprocessing = 0;
		};
/* End PBXSourcesBuildPhase section */

/* Begin PBXVariantGroup section */
		42E064142A45BF3800B9EAC3 /* Localizable.strings */ = {
			isa = PBXVariantGroup;
			children = (
				42E064132A45BF3800B9EAC3 /* en */,
			);
			name = Localizable.strings;
			sourceTree = "<group>";
		};
/* End PBXVariantGroup section */

/* Begin XCBuildConfiguration section */
		4A03968B2A0FA5B800EB062D /* Debug */ = {
			isa = XCBuildConfiguration;
			buildSettings = {
				ALWAYS_SEARCH_USER_PATHS = NO;
				CLANG_ANALYZER_NONNULL = YES;
				CLANG_ANALYZER_NUMBER_OBJECT_CONVERSION = YES_AGGRESSIVE;
				CLANG_CXX_LANGUAGE_STANDARD = "gnu++20";
				CLANG_ENABLE_MODULES = YES;
				CLANG_ENABLE_OBJC_ARC = YES;
				CLANG_ENABLE_OBJC_WEAK = YES;
				CLANG_WARN_BLOCK_CAPTURE_AUTORELEASING = YES;
				CLANG_WARN_BOOL_CONVERSION = YES;
				CLANG_WARN_COMMA = YES;
				CLANG_WARN_CONSTANT_CONVERSION = YES;
				CLANG_WARN_DEPRECATED_OBJC_IMPLEMENTATIONS = YES;
				CLANG_WARN_DIRECT_OBJC_ISA_USAGE = YES_ERROR;
				CLANG_WARN_DOCUMENTATION_COMMENTS = YES;
				CLANG_WARN_EMPTY_BODY = YES;
				CLANG_WARN_ENUM_CONVERSION = YES;
				CLANG_WARN_INFINITE_RECURSION = YES;
				CLANG_WARN_INT_CONVERSION = YES;
				CLANG_WARN_NON_LITERAL_NULL_CONVERSION = YES;
				CLANG_WARN_OBJC_IMPLICIT_RETAIN_SELF = YES;
				CLANG_WARN_OBJC_LITERAL_CONVERSION = YES;
				CLANG_WARN_OBJC_ROOT_CLASS = YES_ERROR;
				CLANG_WARN_QUOTED_INCLUDE_IN_FRAMEWORK_HEADER = YES;
				CLANG_WARN_RANGE_LOOP_ANALYSIS = YES;
				CLANG_WARN_STRICT_PROTOTYPES = YES;
				CLANG_WARN_SUSPICIOUS_MOVE = YES;
				CLANG_WARN_UNGUARDED_AVAILABILITY = YES_AGGRESSIVE;
				CLANG_WARN_UNREACHABLE_CODE = YES;
				CLANG_WARN__DUPLICATE_METHOD_MATCH = YES;
				COPY_PHASE_STRIP = NO;
				DEBUG_INFORMATION_FORMAT = dwarf;
				ENABLE_STRICT_OBJC_MSGSEND = YES;
				ENABLE_TESTABILITY = YES;
				GCC_C_LANGUAGE_STANDARD = gnu11;
				GCC_DYNAMIC_NO_PIC = NO;
				GCC_NO_COMMON_BLOCKS = YES;
				GCC_OPTIMIZATION_LEVEL = 0;
				GCC_PREPROCESSOR_DEFINITIONS = (
					"DEBUG=1",
					"$(inherited)",
				);
				GCC_WARN_64_TO_32_BIT_CONVERSION = YES;
				GCC_WARN_ABOUT_RETURN_TYPE = YES_ERROR;
				GCC_WARN_UNDECLARED_SELECTOR = YES;
				GCC_WARN_UNINITIALIZED_AUTOS = YES_AGGRESSIVE;
				GCC_WARN_UNUSED_FUNCTION = YES;
				GCC_WARN_UNUSED_VARIABLE = YES;
				IPHONEOS_DEPLOYMENT_TARGET = 15.0;
				MTL_ENABLE_DEBUG_INFO = INCLUDE_SOURCE;
				MTL_FAST_MATH = YES;
				ONLY_ACTIVE_ARCH = YES;
				SDKROOT = iphoneos;
				SWIFT_ACTIVE_COMPILATION_CONDITIONS = DEBUG;
				SWIFT_OPTIMIZATION_LEVEL = "-Onone";
			};
			name = Debug;
		};
		4A03968C2A0FA5B800EB062D /* Release */ = {
			isa = XCBuildConfiguration;
			buildSettings = {
				ALWAYS_SEARCH_USER_PATHS = NO;
				CLANG_ANALYZER_NONNULL = YES;
				CLANG_ANALYZER_NUMBER_OBJECT_CONVERSION = YES_AGGRESSIVE;
				CLANG_CXX_LANGUAGE_STANDARD = "gnu++20";
				CLANG_ENABLE_MODULES = YES;
				CLANG_ENABLE_OBJC_ARC = YES;
				CLANG_ENABLE_OBJC_WEAK = YES;
				CLANG_WARN_BLOCK_CAPTURE_AUTORELEASING = YES;
				CLANG_WARN_BOOL_CONVERSION = YES;
				CLANG_WARN_COMMA = YES;
				CLANG_WARN_CONSTANT_CONVERSION = YES;
				CLANG_WARN_DEPRECATED_OBJC_IMPLEMENTATIONS = YES;
				CLANG_WARN_DIRECT_OBJC_ISA_USAGE = YES_ERROR;
				CLANG_WARN_DOCUMENTATION_COMMENTS = YES;
				CLANG_WARN_EMPTY_BODY = YES;
				CLANG_WARN_ENUM_CONVERSION = YES;
				CLANG_WARN_INFINITE_RECURSION = YES;
				CLANG_WARN_INT_CONVERSION = YES;
				CLANG_WARN_NON_LITERAL_NULL_CONVERSION = YES;
				CLANG_WARN_OBJC_IMPLICIT_RETAIN_SELF = YES;
				CLANG_WARN_OBJC_LITERAL_CONVERSION = YES;
				CLANG_WARN_OBJC_ROOT_CLASS = YES_ERROR;
				CLANG_WARN_QUOTED_INCLUDE_IN_FRAMEWORK_HEADER = YES;
				CLANG_WARN_RANGE_LOOP_ANALYSIS = YES;
				CLANG_WARN_STRICT_PROTOTYPES = YES;
				CLANG_WARN_SUSPICIOUS_MOVE = YES;
				CLANG_WARN_UNGUARDED_AVAILABILITY = YES_AGGRESSIVE;
				CLANG_WARN_UNREACHABLE_CODE = YES;
				CLANG_WARN__DUPLICATE_METHOD_MATCH = YES;
				COPY_PHASE_STRIP = NO;
				DEBUG_INFORMATION_FORMAT = "dwarf-with-dsym";
				ENABLE_NS_ASSERTIONS = NO;
				ENABLE_STRICT_OBJC_MSGSEND = YES;
				GCC_C_LANGUAGE_STANDARD = gnu11;
				GCC_NO_COMMON_BLOCKS = YES;
				GCC_WARN_64_TO_32_BIT_CONVERSION = YES;
				GCC_WARN_ABOUT_RETURN_TYPE = YES_ERROR;
				GCC_WARN_UNDECLARED_SELECTOR = YES;
				GCC_WARN_UNINITIALIZED_AUTOS = YES_AGGRESSIVE;
				GCC_WARN_UNUSED_FUNCTION = YES;
				GCC_WARN_UNUSED_VARIABLE = YES;
				IPHONEOS_DEPLOYMENT_TARGET = 15.0;
				MTL_ENABLE_DEBUG_INFO = NO;
				MTL_FAST_MATH = YES;
				SDKROOT = iphoneos;
				SWIFT_COMPILATION_MODE = wholemodule;
				SWIFT_OPTIMIZATION_LEVEL = "-O";
				VALIDATE_PRODUCT = YES;
			};
			name = Release;
		};
		4A03968E2A0FA5B800EB062D /* Debug */ = {
			isa = XCBuildConfiguration;
			baseConfigurationReference = 1F72EB125740F5145C2ECE5E /* Pods-LoveBird.debug.xcconfig */;
			buildSettings = {
				ASSETCATALOG_COMPILER_APPICON_NAME = AppIcon;
				ASSETCATALOG_COMPILER_GLOBAL_ACCENT_COLOR_NAME = AccentColor;
				CODE_SIGN_ENTITLEMENTS = LoveBird/LoveBird.entitlements;
				CODE_SIGN_STYLE = Automatic;
				CURRENT_PROJECT_VERSION = 1.0.0.1;
				DEVELOPMENT_ASSET_PATHS = "\"LoveBird/Preview Content\"";
				DEVELOPMENT_TEAM = 79K7D639YK;
				ENABLE_PREVIEWS = YES;
				GENERATE_INFOPLIST_FILE = YES;
				INFOPLIST_FILE = LoveBird/Info.plist;
				INFOPLIST_KEY_NSCameraUsageDescription = "앨범 접근 권한을 허용해주세요. 다이어리를 작성하고 프로필을 설정할 때 사용됩니다.";
				INFOPLIST_KEY_NSPhotoLibraryUsageDescription = "앨범 접근 권한을 허용해주세요. 다이어리를 작성하고 프로필을 설정할 때 사용됩니다.";
				INFOPLIST_KEY_UIApplicationSceneManifest_Generation = YES;
				INFOPLIST_KEY_UIApplicationSupportsIndirectInputEvents = YES;
				INFOPLIST_KEY_UILaunchScreen_Generation = YES;
				INFOPLIST_KEY_UISupportedInterfaceOrientations = UIInterfaceOrientationPortrait;
				LD_RUNPATH_SEARCH_PATHS = (
					"$(inherited)",
					"@executable_path/Frameworks",
				);
				MARKETING_VERSION = 1.0.0;
				PRODUCT_BUNDLE_IDENTIFIER = com.lovebird.ios;
				PRODUCT_NAME = "$(TARGET_NAME)";
				SUPPORTED_PLATFORMS = "iphoneos iphonesimulator";
				SUPPORTS_MACCATALYST = NO;
				SUPPORTS_MAC_DESIGNED_FOR_IPHONE_IPAD = NO;
				SWIFT_EMIT_LOC_STRINGS = YES;
				SWIFT_VERSION = 5.0;
				TARGETED_DEVICE_FAMILY = 1;
			};
			name = Debug;
		};
		4A03968F2A0FA5B800EB062D /* Release */ = {
			isa = XCBuildConfiguration;
			baseConfigurationReference = 30556E224283EEA95E9817D2 /* Pods-LoveBird.release.xcconfig */;
			buildSettings = {
				ASSETCATALOG_COMPILER_APPICON_NAME = AppIcon;
				ASSETCATALOG_COMPILER_GLOBAL_ACCENT_COLOR_NAME = AccentColor;
				CODE_SIGN_ENTITLEMENTS = LoveBird/LoveBird.entitlements;
				CODE_SIGN_STYLE = Automatic;
				CURRENT_PROJECT_VERSION = 1.0.0.1;
				DEVELOPMENT_ASSET_PATHS = "\"LoveBird/Preview Content\"";
				DEVELOPMENT_TEAM = 79K7D639YK;
				ENABLE_PREVIEWS = YES;
				GENERATE_INFOPLIST_FILE = YES;
				INFOPLIST_FILE = LoveBird/Info.plist;
				INFOPLIST_KEY_NSCameraUsageDescription = "앨범 접근 권한을 허용해주세요. 다이어리를 작성하고 프로필을 설정할 때 사용됩니다.";
				INFOPLIST_KEY_NSPhotoLibraryUsageDescription = "앨범 접근 권한을 허용해주세요. 다이어리를 작성하고 프로필을 설정할 때 사용됩니다.";
				INFOPLIST_KEY_UIApplicationSceneManifest_Generation = YES;
				INFOPLIST_KEY_UIApplicationSupportsIndirectInputEvents = YES;
				INFOPLIST_KEY_UILaunchScreen_Generation = YES;
				INFOPLIST_KEY_UISupportedInterfaceOrientations = UIInterfaceOrientationPortrait;
				LD_RUNPATH_SEARCH_PATHS = (
					"$(inherited)",
					"@executable_path/Frameworks",
				);
				MARKETING_VERSION = 1.0.0;
				PRODUCT_BUNDLE_IDENTIFIER = com.lovebird.ios;
				PRODUCT_NAME = "$(TARGET_NAME)";
				SUPPORTED_PLATFORMS = "iphoneos iphonesimulator";
				SUPPORTS_MACCATALYST = NO;
				SUPPORTS_MAC_DESIGNED_FOR_IPHONE_IPAD = NO;
				SWIFT_EMIT_LOC_STRINGS = YES;
				SWIFT_VERSION = 5.0;
				TARGETED_DEVICE_FAMILY = 1;
			};
			name = Release;
		};
/* End XCBuildConfiguration section */

/* Begin XCConfigurationList section */
		4A03967A2A0FA5B600EB062D /* Build configuration list for PBXProject "LoveBird" */ = {
			isa = XCConfigurationList;
			buildConfigurations = (
				4A03968B2A0FA5B800EB062D /* Debug */,
				4A03968C2A0FA5B800EB062D /* Release */,
			);
			defaultConfigurationIsVisible = 0;
			defaultConfigurationName = Release;
		};
		4A03968D2A0FA5B800EB062D /* Build configuration list for PBXNativeTarget "LoveBird" */ = {
			isa = XCConfigurationList;
			buildConfigurations = (
				4A03968E2A0FA5B800EB062D /* Debug */,
				4A03968F2A0FA5B800EB062D /* Release */,
			);
			defaultConfigurationIsVisible = 0;
			defaultConfigurationName = Release;
		};
/* End XCConfigurationList section */

/* Begin XCRemoteSwiftPackageReference section */
		4256402E2A58463200EC962E /* XCRemoteSwiftPackageReference "kakao-ios-sdk" */ = {
			isa = XCRemoteSwiftPackageReference;
			repositoryURL = "https://github.com/kakao/kakao-ios-sdk";
			requirement = {
				branch = master;
				kind = branch;
			};
		};
		425F25B12A543B7200A333A5 /* XCRemoteSwiftPackageReference "firebase-ios-sdk" */ = {
			isa = XCRemoteSwiftPackageReference;
			repositoryURL = "https://github.com/firebase/firebase-ios-sdk.git";
			requirement = {
				kind = upToNextMajorVersion;
				minimumVersion = 10.0.0;
			};
		};
		428AED302A87610000F446B2 /* XCRemoteSwiftPackageReference "swift-composable-architecture" */ = {
			isa = XCRemoteSwiftPackageReference;
			repositoryURL = "https://github.com/pointfreeco/swift-composable-architecture";
			requirement = {
				kind = upToNextMajorVersion;
				minimumVersion = 0.56.0;
			};
		};
/* End XCRemoteSwiftPackageReference section */

/* Begin XCSwiftPackageProductDependency section */
		4256402F2A58463200EC962E /* KakaoSDK */ = {
			isa = XCSwiftPackageProductDependency;
			package = 4256402E2A58463200EC962E /* XCRemoteSwiftPackageReference "kakao-ios-sdk" */;
			productName = KakaoSDK;
		};
		425F25B22A543B7200A333A5 /* FirebaseAnalytics */ = {
			isa = XCSwiftPackageProductDependency;
			package = 425F25B12A543B7200A333A5 /* XCRemoteSwiftPackageReference "firebase-ios-sdk" */;
			productName = FirebaseAnalytics;
		};
		425F25B42A543B7200A333A5 /* FirebaseMessaging */ = {
			isa = XCSwiftPackageProductDependency;
			package = 425F25B12A543B7200A333A5 /* XCRemoteSwiftPackageReference "firebase-ios-sdk" */;
			productName = FirebaseMessaging;
		};
		428AED312A87610100F446B2 /* ComposableArchitecture */ = {
			isa = XCSwiftPackageProductDependency;
			package = 428AED302A87610000F446B2 /* XCRemoteSwiftPackageReference "swift-composable-architecture" */;
			productName = ComposableArchitecture;
		};
/* End XCSwiftPackageProductDependency section */
	};
	rootObject = 4A0396772A0FA5B600EB062D /* Project object */;
}
